// !$*UTF8*$!
{
	archiveVersion = 1;
	classes = {
	};
	objectVersion = 56;
	objects = {

/* Begin PBXBuildFile section */
		9005A7412AA7496000391161 /* CoreDataHelpers.swift in Sources */ = {isa = PBXBuildFile; fileRef = 9005A7402AA7496000391161 /* CoreDataHelpers.swift */; };
		900D60EA2A56B7E400D3F02C /* CodableFeedStore.swift in Sources */ = {isa = PBXBuildFile; fileRef = 900D60E92A56B7E400D3F02C /* CodableFeedStore.swift */; };
		901C326A29AA2B050010083B /* XCTTestCase+MemoryLeakTracking.swift in Sources */ = {isa = PBXBuildFile; fileRef = 901C326929AA2B050010083B /* XCTTestCase+MemoryLeakTracking.swift */; };
		901C326C29AA49100010083B /* URLSessionHTTPClient.swift in Sources */ = {isa = PBXBuildFile; fileRef = 901C326B29AA49100010083B /* URLSessionHTTPClient.swift */; };
		901C327429AA51100010083B /* EssentialFeedAPIEndToEndTests.swift in Sources */ = {isa = PBXBuildFile; fileRef = 901C327329AA51100010083B /* EssentialFeedAPIEndToEndTests.swift */; };
		901C327529AA51100010083B /* EssentialFeed.framework in Frameworks */ = {isa = PBXBuildFile; fileRef = 904B7378294A04DD00FAE86D /* EssentialFeed.framework */; };
		901C327B29AA55340010083B /* XCTTestCase+MemoryLeakTracking.swift in Sources */ = {isa = PBXBuildFile; fileRef = 901C326929AA2B050010083B /* XCTTestCase+MemoryLeakTracking.swift */; };
		901DB6D02AA73317007E1CE1 /* CoreDataFeedStoreTests.swift in Sources */ = {isa = PBXBuildFile; fileRef = 901DB6CF2AA73317007E1CE1 /* CoreDataFeedStoreTests.swift */; };
		904B7381294A04DD00FAE86D /* EssentialFeed.framework in Frameworks */ = {isa = PBXBuildFile; fileRef = 904B7378294A04DD00FAE86D /* EssentialFeed.framework */; };
		904B7387294A04DD00FAE86D /* EssentialFeed.h in Headers */ = {isa = PBXBuildFile; fileRef = 904B737B294A04DD00FAE86D /* EssentialFeed.h */; settings = {ATTRIBUTES = (Public, ); }; };
		904B739A294A3FBE00FAE86D /* FeedLoader.swift in Sources */ = {isa = PBXBuildFile; fileRef = 904B7398294A3FBE00FAE86D /* FeedLoader.swift */; };
		904B739B294A3FBE00FAE86D /* FeedImage.swift in Sources */ = {isa = PBXBuildFile; fileRef = 904B7399294A3FBE00FAE86D /* FeedImage.swift */; };
		9062127129D6D732006116C8 /* LoadFeedFromRemoteUseCaseTests.swift in Sources */ = {isa = PBXBuildFile; fileRef = 9062127029D6D732006116C8 /* LoadFeedFromRemoteUseCaseTests.swift */; };
		9062127429D6E15A006116C8 /* CacheFeedUseCaseTests.swift in Sources */ = {isa = PBXBuildFile; fileRef = 9062127329D6E15A006116C8 /* CacheFeedUseCaseTests.swift */; };
		906212BC29DB2FFE006116C8 /* LocalFeedLoader.swift in Sources */ = {isa = PBXBuildFile; fileRef = 906212BB29DB2FFE006116C8 /* LocalFeedLoader.swift */; };
		906212BE29DB308C006116C8 /* FeedStore.swift in Sources */ = {isa = PBXBuildFile; fileRef = 906212BD29DB308C006116C8 /* FeedStore.swift */; };
		906212C029DB42E3006116C8 /* RemoteFeedItem.swift in Sources */ = {isa = PBXBuildFile; fileRef = 906212BF29DB42E3006116C8 /* RemoteFeedItem.swift */; };
		906212C229DB4327006116C8 /* LocalFeedImage.swift in Sources */ = {isa = PBXBuildFile; fileRef = 906212C129DB4327006116C8 /* LocalFeedImage.swift */; };
		90938CEF2AA74EF4001B5B96 /* ManagedCache.swift in Sources */ = {isa = PBXBuildFile; fileRef = 90938CEE2AA74EF4001B5B96 /* ManagedCache.swift */; };
		90938CF12AA74F17001B5B96 /* ManagedFeedImage.swift in Sources */ = {isa = PBXBuildFile; fileRef = 90938CF02AA74F17001B5B96 /* ManagedFeedImage.swift */; };
		9099F6812AA73A77007FA927 /* FeedStore.xcdatamodeld in Sources */ = {isa = PBXBuildFile; fileRef = 9099F67F2AA73A77007FA927 /* FeedStore.xcdatamodeld */; };
		9099F6832AA73B09007FA927 /* CoreDataFeedStore.swift in Sources */ = {isa = PBXBuildFile; fileRef = 9099F6822AA73B09007FA927 /* CoreDataFeedStore.swift */; };
		909CEA2C294F42BB00D93B87 /* HTTPClient.swift in Sources */ = {isa = PBXBuildFile; fileRef = 909CEA2B294F42BB00D93B87 /* HTTPClient.swift */; };
		909CEA2E294F42E600D93B87 /* FeedImagesMapper.swift in Sources */ = {isa = PBXBuildFile; fileRef = 909CEA2D294F42E600D93B87 /* FeedImagesMapper.swift */; };
		909CEA3229506CCF00D93B87 /* URLSessionHTTPClientTests.swift in Sources */ = {isa = PBXBuildFile; fileRef = 909CEA3129506CCF00D93B87 /* URLSessionHTTPClientTests.swift */; };
		90DFB439294CE3DD007EA08C /* RemoteFeedLoader.swift in Sources */ = {isa = PBXBuildFile; fileRef = 90DFB438294CE3DD007EA08C /* RemoteFeedLoader.swift */; };
		90ED3FA22A93CC8C0095854F /* XCTestCase+FailableRetrieveFeedStoreSpecs.swift in Sources */ = {isa = PBXBuildFile; fileRef = 90ED3FA12A93CC8C0095854F /* XCTestCase+FailableRetrieveFeedStoreSpecs.swift */; };
		90ED3FA42A93CDB30095854F /* XCTestCase+FailableInsertFeedStoreSpecs.swift in Sources */ = {isa = PBXBuildFile; fileRef = 90ED3FA32A93CDB30095854F /* XCTestCase+FailableInsertFeedStoreSpecs.swift */; };
		90ED3FA62A93CEE80095854F /* XCTestCase+FailableDeleteFeedStoreSpecs.swift in Sources */ = {isa = PBXBuildFile; fileRef = 90ED3FA52A93CEE80095854F /* XCTestCase+FailableDeleteFeedStoreSpecs.swift */; };
		90F8A5B12A52BB20002791F9 /* LoadFeedFromCacheUseCaseTests.swift in Sources */ = {isa = PBXBuildFile; fileRef = 90F8A5B02A52BB20002791F9 /* LoadFeedFromCacheUseCaseTests.swift */; };
		90F8A5B32A52D18E002791F9 /* FeedStoreSpy.swift in Sources */ = {isa = PBXBuildFile; fileRef = 90F8A5B22A52D18E002791F9 /* FeedStoreSpy.swift */; };
		90F8A5B62A532A9E002791F9 /* ValidateFeedCacheUseCaseTests.swift in Sources */ = {isa = PBXBuildFile; fileRef = 90F8A5B52A532A9E002791F9 /* ValidateFeedCacheUseCaseTests.swift */; };
		90F8A5B82A533A17002791F9 /* FeedCacheTestHelpers.swift in Sources */ = {isa = PBXBuildFile; fileRef = 90F8A5B72A533A17002791F9 /* FeedCacheTestHelpers.swift */; };
		90F8A5BA2A533A7E002791F9 /* SharedTestHelpers.swift in Sources */ = {isa = PBXBuildFile; fileRef = 90F8A5B92A533A7E002791F9 /* SharedTestHelpers.swift */; };
		90F8A5BC2A54065E002791F9 /* FeedCachePolicy.swift in Sources */ = {isa = PBXBuildFile; fileRef = 90F8A5BB2A54065E002791F9 /* FeedCachePolicy.swift */; };
		90F8A5BE2A542959002791F9 /* CodableFeedStoreTests.swift in Sources */ = {isa = PBXBuildFile; fileRef = 90F8A5BD2A542959002791F9 /* CodableFeedStoreTests.swift */; };
		90F99CCE2A93C3C9007AE497 /* FeedStoreSpecs.swift in Sources */ = {isa = PBXBuildFile; fileRef = 90F99CCD2A93C3C9007AE497 /* FeedStoreSpecs.swift */; };
		90F99CD02A93C459007AE497 /* XCTestCase+FeedStoreSpecs.swift in Sources */ = {isa = PBXBuildFile; fileRef = 90F99CCF2A93C459007AE497 /* XCTestCase+FeedStoreSpecs.swift */; };
/* End PBXBuildFile section */

/* Begin PBXContainerItemProxy section */
		901C327629AA51100010083B /* PBXContainerItemProxy */ = {
			isa = PBXContainerItemProxy;
			containerPortal = 904B736F294A04DD00FAE86D /* Project object */;
			proxyType = 1;
			remoteGlobalIDString = 904B7377294A04DD00FAE86D;
			remoteInfo = EssentialFeed;
		};
		904B7382294A04DD00FAE86D /* PBXContainerItemProxy */ = {
			isa = PBXContainerItemProxy;
			containerPortal = 904B736F294A04DD00FAE86D /* Project object */;
			proxyType = 1;
			remoteGlobalIDString = 904B7377294A04DD00FAE86D;
			remoteInfo = EssentialFeed;
		};
/* End PBXContainerItemProxy section */

/* Begin PBXFileReference section */
		9005A7402AA7496000391161 /* CoreDataHelpers.swift */ = {isa = PBXFileReference; lastKnownFileType = sourcecode.swift; path = CoreDataHelpers.swift; sourceTree = "<group>"; };
		900D60E92A56B7E400D3F02C /* CodableFeedStore.swift */ = {isa = PBXFileReference; lastKnownFileType = sourcecode.swift; path = CodableFeedStore.swift; sourceTree = "<group>"; };
		901C326929AA2B050010083B /* XCTTestCase+MemoryLeakTracking.swift */ = {isa = PBXFileReference; lastKnownFileType = sourcecode.swift; path = "XCTTestCase+MemoryLeakTracking.swift"; sourceTree = "<group>"; };
		901C326B29AA49100010083B /* URLSessionHTTPClient.swift */ = {isa = PBXFileReference; lastKnownFileType = sourcecode.swift; path = URLSessionHTTPClient.swift; sourceTree = "<group>"; };
		901C327129AA51100010083B /* EssentialFeedAPIEndToEndTests.xctest */ = {isa = PBXFileReference; explicitFileType = wrapper.cfbundle; includeInIndex = 0; path = EssentialFeedAPIEndToEndTests.xctest; sourceTree = BUILT_PRODUCTS_DIR; };
		901C327329AA51100010083B /* EssentialFeedAPIEndToEndTests.swift */ = {isa = PBXFileReference; lastKnownFileType = sourcecode.swift; path = EssentialFeedAPIEndToEndTests.swift; sourceTree = "<group>"; };
		901DB6CF2AA73317007E1CE1 /* CoreDataFeedStoreTests.swift */ = {isa = PBXFileReference; lastKnownFileType = sourcecode.swift; path = CoreDataFeedStoreTests.swift; sourceTree = "<group>"; };
		904B7378294A04DD00FAE86D /* EssentialFeed.framework */ = {isa = PBXFileReference; explicitFileType = wrapper.framework; includeInIndex = 0; path = EssentialFeed.framework; sourceTree = BUILT_PRODUCTS_DIR; };
		904B737B294A04DD00FAE86D /* EssentialFeed.h */ = {isa = PBXFileReference; lastKnownFileType = sourcecode.c.h; path = EssentialFeed.h; sourceTree = "<group>"; };
		904B7380294A04DD00FAE86D /* EssentialFeedTests.xctest */ = {isa = PBXFileReference; explicitFileType = wrapper.cfbundle; includeInIndex = 0; path = EssentialFeedTests.xctest; sourceTree = BUILT_PRODUCTS_DIR; };
		904B7398294A3FBE00FAE86D /* FeedLoader.swift */ = {isa = PBXFileReference; fileEncoding = 4; lastKnownFileType = sourcecode.swift; path = FeedLoader.swift; sourceTree = "<group>"; };
		904B7399294A3FBE00FAE86D /* FeedImage.swift */ = {isa = PBXFileReference; fileEncoding = 4; lastKnownFileType = sourcecode.swift; path = FeedImage.swift; sourceTree = "<group>"; };
		9062127029D6D732006116C8 /* LoadFeedFromRemoteUseCaseTests.swift */ = {isa = PBXFileReference; fileEncoding = 4; lastKnownFileType = sourcecode.swift; name = LoadFeedFromRemoteUseCaseTests.swift; path = "EssentialFeedTests/Feed API/LoadFeedFromRemoteUseCaseTests.swift"; sourceTree = SOURCE_ROOT; };
		9062127329D6E15A006116C8 /* CacheFeedUseCaseTests.swift */ = {isa = PBXFileReference; lastKnownFileType = sourcecode.swift; path = CacheFeedUseCaseTests.swift; sourceTree = "<group>"; };
		906212BB29DB2FFE006116C8 /* LocalFeedLoader.swift */ = {isa = PBXFileReference; lastKnownFileType = sourcecode.swift; path = LocalFeedLoader.swift; sourceTree = "<group>"; };
		906212BD29DB308C006116C8 /* FeedStore.swift */ = {isa = PBXFileReference; lastKnownFileType = sourcecode.swift; path = FeedStore.swift; sourceTree = "<group>"; };
		906212BF29DB42E3006116C8 /* RemoteFeedItem.swift */ = {isa = PBXFileReference; lastKnownFileType = sourcecode.swift; path = RemoteFeedItem.swift; sourceTree = "<group>"; };
		906212C129DB4327006116C8 /* LocalFeedImage.swift */ = {isa = PBXFileReference; lastKnownFileType = sourcecode.swift; path = LocalFeedImage.swift; sourceTree = "<group>"; };
		90938CEE2AA74EF4001B5B96 /* ManagedCache.swift */ = {isa = PBXFileReference; lastKnownFileType = sourcecode.swift; path = ManagedCache.swift; sourceTree = "<group>"; };
		90938CF02AA74F17001B5B96 /* ManagedFeedImage.swift */ = {isa = PBXFileReference; lastKnownFileType = sourcecode.swift; path = ManagedFeedImage.swift; sourceTree = "<group>"; };
		9099F6802AA73A77007FA927 /* FeedStore.xcdatamodel */ = {isa = PBXFileReference; lastKnownFileType = wrapper.xcdatamodel; path = FeedStore.xcdatamodel; sourceTree = "<group>"; };
		9099F6822AA73B09007FA927 /* CoreDataFeedStore.swift */ = {isa = PBXFileReference; lastKnownFileType = sourcecode.swift; path = CoreDataFeedStore.swift; sourceTree = "<group>"; };
		909CEA2B294F42BB00D93B87 /* HTTPClient.swift */ = {isa = PBXFileReference; lastKnownFileType = sourcecode.swift; path = HTTPClient.swift; sourceTree = "<group>"; };
		909CEA2D294F42E600D93B87 /* FeedImagesMapper.swift */ = {isa = PBXFileReference; lastKnownFileType = sourcecode.swift; path = FeedImagesMapper.swift; sourceTree = "<group>"; };
		909CEA3129506CCF00D93B87 /* URLSessionHTTPClientTests.swift */ = {isa = PBXFileReference; lastKnownFileType = sourcecode.swift; path = URLSessionHTTPClientTests.swift; sourceTree = "<group>"; };
		90DFB438294CE3DD007EA08C /* RemoteFeedLoader.swift */ = {isa = PBXFileReference; lastKnownFileType = sourcecode.swift; path = RemoteFeedLoader.swift; sourceTree = "<group>"; };
		90ED3FA12A93CC8C0095854F /* XCTestCase+FailableRetrieveFeedStoreSpecs.swift */ = {isa = PBXFileReference; lastKnownFileType = sourcecode.swift; path = "XCTestCase+FailableRetrieveFeedStoreSpecs.swift"; sourceTree = "<group>"; };
		90ED3FA32A93CDB30095854F /* XCTestCase+FailableInsertFeedStoreSpecs.swift */ = {isa = PBXFileReference; lastKnownFileType = sourcecode.swift; path = "XCTestCase+FailableInsertFeedStoreSpecs.swift"; sourceTree = "<group>"; };
		90ED3FA52A93CEE80095854F /* XCTestCase+FailableDeleteFeedStoreSpecs.swift */ = {isa = PBXFileReference; lastKnownFileType = sourcecode.swift; path = "XCTestCase+FailableDeleteFeedStoreSpecs.swift"; sourceTree = "<group>"; };
		90F8A5B02A52BB20002791F9 /* LoadFeedFromCacheUseCaseTests.swift */ = {isa = PBXFileReference; lastKnownFileType = sourcecode.swift; path = LoadFeedFromCacheUseCaseTests.swift; sourceTree = "<group>"; };
		90F8A5B22A52D18E002791F9 /* FeedStoreSpy.swift */ = {isa = PBXFileReference; lastKnownFileType = sourcecode.swift; path = FeedStoreSpy.swift; sourceTree = "<group>"; };
		90F8A5B52A532A9E002791F9 /* ValidateFeedCacheUseCaseTests.swift */ = {isa = PBXFileReference; lastKnownFileType = sourcecode.swift; path = ValidateFeedCacheUseCaseTests.swift; sourceTree = "<group>"; };
		90F8A5B72A533A17002791F9 /* FeedCacheTestHelpers.swift */ = {isa = PBXFileReference; lastKnownFileType = sourcecode.swift; path = FeedCacheTestHelpers.swift; sourceTree = "<group>"; };
		90F8A5B92A533A7E002791F9 /* SharedTestHelpers.swift */ = {isa = PBXFileReference; lastKnownFileType = sourcecode.swift; path = SharedTestHelpers.swift; sourceTree = "<group>"; };
		90F8A5BB2A54065E002791F9 /* FeedCachePolicy.swift */ = {isa = PBXFileReference; lastKnownFileType = sourcecode.swift; path = FeedCachePolicy.swift; sourceTree = "<group>"; };
		90F8A5BD2A542959002791F9 /* CodableFeedStoreTests.swift */ = {isa = PBXFileReference; lastKnownFileType = sourcecode.swift; path = CodableFeedStoreTests.swift; sourceTree = "<group>"; };
		90F99CCD2A93C3C9007AE497 /* FeedStoreSpecs.swift */ = {isa = PBXFileReference; lastKnownFileType = sourcecode.swift; path = FeedStoreSpecs.swift; sourceTree = "<group>"; };
		90F99CCF2A93C459007AE497 /* XCTestCase+FeedStoreSpecs.swift */ = {isa = PBXFileReference; lastKnownFileType = sourcecode.swift; path = "XCTestCase+FeedStoreSpecs.swift"; sourceTree = "<group>"; };
/* End PBXFileReference section */

/* Begin PBXFrameworksBuildPhase section */
		901C326E29AA51100010083B /* Frameworks */ = {
			isa = PBXFrameworksBuildPhase;
			buildActionMask = 2147483647;
			files = (
				901C327529AA51100010083B /* EssentialFeed.framework in Frameworks */,
			);
			runOnlyForDeploymentPostprocessing = 0;
		};
		904B7375294A04DD00FAE86D /* Frameworks */ = {
			isa = PBXFrameworksBuildPhase;
			buildActionMask = 2147483647;
			files = (
			);
			runOnlyForDeploymentPostprocessing = 0;
		};
		904B737D294A04DD00FAE86D /* Frameworks */ = {
			isa = PBXFrameworksBuildPhase;
			buildActionMask = 2147483647;
			files = (
				904B7381294A04DD00FAE86D /* EssentialFeed.framework in Frameworks */,
			);
			runOnlyForDeploymentPostprocessing = 0;
		};
/* End PBXFrameworksBuildPhase section */

/* Begin PBXGroup section */
		9005A73E2AA7494A00391161 /* Infrastructure */ = {
			isa = PBXGroup;
			children = (
				900D60E92A56B7E400D3F02C /* CodableFeedStore.swift */,
				9005A73F2AA7495400391161 /* CoreData */,
			);
			path = Infrastructure;
			sourceTree = "<group>";
		};
		9005A73F2AA7495400391161 /* CoreData */ = {
			isa = PBXGroup;
			children = (
				9099F67F2AA73A77007FA927 /* FeedStore.xcdatamodeld */,
				9099F6822AA73B09007FA927 /* CoreDataFeedStore.swift */,
				9005A7402AA7496000391161 /* CoreDataHelpers.swift */,
				90938CEE2AA74EF4001B5B96 /* ManagedCache.swift */,
				90938CF02AA74F17001B5B96 /* ManagedFeedImage.swift */,
			);
			path = CoreData;
			sourceTree = "<group>";
		};
		901C326829AA2AEB0010083B /* Helpers */ = {
			isa = PBXGroup;
			children = (
				901C326929AA2B050010083B /* XCTTestCase+MemoryLeakTracking.swift */,
				90F8A5B92A533A7E002791F9 /* SharedTestHelpers.swift */,
			);
			path = Helpers;
			sourceTree = "<group>";
		};
		901C327229AA51100010083B /* EssentialFeedAPIEndToEndTests */ = {
			isa = PBXGroup;
			children = (
				901C327329AA51100010083B /* EssentialFeedAPIEndToEndTests.swift */,
			);
			path = EssentialFeedAPIEndToEndTests;
			sourceTree = "<group>";
		};
		904B736E294A04DD00FAE86D = {
			isa = PBXGroup;
			children = (
				904B737A294A04DD00FAE86D /* EssentialFeed */,
				904B7384294A04DD00FAE86D /* EssentialFeedTests */,
				901C327229AA51100010083B /* EssentialFeedAPIEndToEndTests */,
				904B7379294A04DD00FAE86D /* Products */,
			);
			sourceTree = "<group>";
		};
		904B7379294A04DD00FAE86D /* Products */ = {
			isa = PBXGroup;
			children = (
				904B7378294A04DD00FAE86D /* EssentialFeed.framework */,
				904B7380294A04DD00FAE86D /* EssentialFeedTests.xctest */,
				901C327129AA51100010083B /* EssentialFeedAPIEndToEndTests.xctest */,
			);
			name = Products;
			sourceTree = "<group>";
		};
		904B737A294A04DD00FAE86D /* EssentialFeed */ = {
			isa = PBXGroup;
			children = (
				906212BA29DB2FED006116C8 /* Feed Cache */,
				90DFB437294CE3C9007EA08C /* Feed API */,
				904B7397294A3FBE00FAE86D /* Feed Feature */,
				904B737B294A04DD00FAE86D /* EssentialFeed.h */,
			);
			path = EssentialFeed;
			sourceTree = "<group>";
		};
		904B7384294A04DD00FAE86D /* EssentialFeedTests */ = {
			isa = PBXGroup;
			children = (
				901C326829AA2AEB0010083B /* Helpers */,
				9062127229D6E13D006116C8 /* Feed Cache */,
				909CEA30294F4CF600D93B87 /* Feed API */,
				909CEA3129506CCF00D93B87 /* URLSessionHTTPClientTests.swift */,
			);
			path = EssentialFeedTests;
			sourceTree = "<group>";
		};
		904B7397294A3FBE00FAE86D /* Feed Feature */ = {
			isa = PBXGroup;
			children = (
				904B7398294A3FBE00FAE86D /* FeedLoader.swift */,
				904B7399294A3FBE00FAE86D /* FeedImage.swift */,
			);
			path = "Feed Feature";
			sourceTree = "<group>";
		};
		9062127229D6E13D006116C8 /* Feed Cache */ = {
			isa = PBXGroup;
			children = (
				90F8A5B42A52D19D002791F9 /* Helpers */,
				9062127329D6E15A006116C8 /* CacheFeedUseCaseTests.swift */,
				90F8A5B02A52BB20002791F9 /* LoadFeedFromCacheUseCaseTests.swift */,
				90F8A5B52A532A9E002791F9 /* ValidateFeedCacheUseCaseTests.swift */,
				90F8A5BD2A542959002791F9 /* CodableFeedStoreTests.swift */,
				901DB6CF2AA73317007E1CE1 /* CoreDataFeedStoreTests.swift */,
				90ED3FA72A93CF760095854F /* FeedStoreSpecs */,
			);
			path = "Feed Cache";
			sourceTree = "<group>";
		};
		906212BA29DB2FED006116C8 /* Feed Cache */ = {
			isa = PBXGroup;
			children = (
				9005A73E2AA7494A00391161 /* Infrastructure */,
				906212BB29DB2FFE006116C8 /* LocalFeedLoader.swift */,
				906212BD29DB308C006116C8 /* FeedStore.swift */,
				906212C129DB4327006116C8 /* LocalFeedImage.swift */,
				90F8A5BB2A54065E002791F9 /* FeedCachePolicy.swift */,
			);
			path = "Feed Cache";
			sourceTree = "<group>";
		};
		909CEA30294F4CF600D93B87 /* Feed API */ = {
			isa = PBXGroup;
			children = (
				9062127029D6D732006116C8 /* LoadFeedFromRemoteUseCaseTests.swift */,
			);
			path = "Feed API";
			sourceTree = "<group>";
		};
		90DFB437294CE3C9007EA08C /* Feed API */ = {
			isa = PBXGroup;
			children = (
				90DFB438294CE3DD007EA08C /* RemoteFeedLoader.swift */,
				909CEA2D294F42E600D93B87 /* FeedImagesMapper.swift */,
				909CEA2B294F42BB00D93B87 /* HTTPClient.swift */,
				901C326B29AA49100010083B /* URLSessionHTTPClient.swift */,
				906212BF29DB42E3006116C8 /* RemoteFeedItem.swift */,
			);
			path = "Feed API";
			sourceTree = "<group>";
		};
		90ED3FA72A93CF760095854F /* FeedStoreSpecs */ = {
			isa = PBXGroup;
			children = (
				90F99CCF2A93C459007AE497 /* XCTestCase+FeedStoreSpecs.swift */,
				90ED3FA12A93CC8C0095854F /* XCTestCase+FailableRetrieveFeedStoreSpecs.swift */,
				90ED3FA32A93CDB30095854F /* XCTestCase+FailableInsertFeedStoreSpecs.swift */,
				90ED3FA52A93CEE80095854F /* XCTestCase+FailableDeleteFeedStoreSpecs.swift */,
				90F99CCD2A93C3C9007AE497 /* FeedStoreSpecs.swift */,
			);
			path = FeedStoreSpecs;
			sourceTree = "<group>";
		};
		90F8A5B42A52D19D002791F9 /* Helpers */ = {
			isa = PBXGroup;
			children = (
				90F8A5B22A52D18E002791F9 /* FeedStoreSpy.swift */,
				90F8A5B72A533A17002791F9 /* FeedCacheTestHelpers.swift */,
			);
			path = Helpers;
			sourceTree = "<group>";
		};
/* End PBXGroup section */

/* Begin PBXHeadersBuildPhase section */
		904B7373294A04DD00FAE86D /* Headers */ = {
			isa = PBXHeadersBuildPhase;
			buildActionMask = 2147483647;
			files = (
				904B7387294A04DD00FAE86D /* EssentialFeed.h in Headers */,
			);
			runOnlyForDeploymentPostprocessing = 0;
		};
/* End PBXHeadersBuildPhase section */

/* Begin PBXNativeTarget section */
		901C327029AA51100010083B /* EssentialFeedAPIEndToEndTests */ = {
			isa = PBXNativeTarget;
			buildConfigurationList = 901C327829AA51100010083B /* Build configuration list for PBXNativeTarget "EssentialFeedAPIEndToEndTests" */;
			buildPhases = (
				901C326D29AA51100010083B /* Sources */,
				901C326E29AA51100010083B /* Frameworks */,
				901C326F29AA51100010083B /* Resources */,
			);
			buildRules = (
			);
			dependencies = (
				901C327729AA51100010083B /* PBXTargetDependency */,
			);
			name = EssentialFeedAPIEndToEndTests;
			productName = EssentialFeedAPIEndToEndTests;
			productReference = 901C327129AA51100010083B /* EssentialFeedAPIEndToEndTests.xctest */;
			productType = "com.apple.product-type.bundle.unit-test";
		};
		904B7377294A04DD00FAE86D /* EssentialFeed */ = {
			isa = PBXNativeTarget;
			buildConfigurationList = 904B738A294A04DD00FAE86D /* Build configuration list for PBXNativeTarget "EssentialFeed" */;
			buildPhases = (
				904B7373294A04DD00FAE86D /* Headers */,
				904B7374294A04DD00FAE86D /* Sources */,
				904B7375294A04DD00FAE86D /* Frameworks */,
				904B7376294A04DD00FAE86D /* Resources */,
			);
			buildRules = (
			);
			dependencies = (
			);
			name = EssentialFeed;
			productName = EssentialFeed;
			productReference = 904B7378294A04DD00FAE86D /* EssentialFeed.framework */;
			productType = "com.apple.product-type.framework";
		};
		904B737F294A04DD00FAE86D /* EssentialFeedTests */ = {
			isa = PBXNativeTarget;
			buildConfigurationList = 904B738D294A04DD00FAE86D /* Build configuration list for PBXNativeTarget "EssentialFeedTests" */;
			buildPhases = (
				904B737C294A04DD00FAE86D /* Sources */,
				904B737D294A04DD00FAE86D /* Frameworks */,
				904B737E294A04DD00FAE86D /* Resources */,
			);
			buildRules = (
			);
			dependencies = (
				904B7383294A04DD00FAE86D /* PBXTargetDependency */,
			);
			name = EssentialFeedTests;
			productName = EssentialFeedTests;
			productReference = 904B7380294A04DD00FAE86D /* EssentialFeedTests.xctest */;
			productType = "com.apple.product-type.bundle.unit-test";
		};
/* End PBXNativeTarget section */

/* Begin PBXProject section */
		904B736F294A04DD00FAE86D /* Project object */ = {
			isa = PBXProject;
			attributes = {
				BuildIndependentTargetsInParallel = 1;
				LastSwiftUpdateCheck = 1400;
				LastUpgradeCheck = 1400;
				TargetAttributes = {
					901C327029AA51100010083B = {
						CreatedOnToolsVersion = 14.0.1;
					};
					904B7377294A04DD00FAE86D = {
						CreatedOnToolsVersion = 14.0.1;
						LastSwiftMigration = 1400;
					};
					904B737F294A04DD00FAE86D = {
						CreatedOnToolsVersion = 14.0.1;
					};
				};
			};
			buildConfigurationList = 904B7372294A04DD00FAE86D /* Build configuration list for PBXProject "EssentialFeed" */;
			compatibilityVersion = "Xcode 14.0";
			developmentRegion = en;
			hasScannedForEncodings = 0;
			knownRegions = (
				en,
				Base,
			);
			mainGroup = 904B736E294A04DD00FAE86D;
			productRefGroup = 904B7379294A04DD00FAE86D /* Products */;
			projectDirPath = "";
			projectRoot = "";
			targets = (
				904B7377294A04DD00FAE86D /* EssentialFeed */,
				904B737F294A04DD00FAE86D /* EssentialFeedTests */,
				901C327029AA51100010083B /* EssentialFeedAPIEndToEndTests */,
			);
		};
/* End PBXProject section */

/* Begin PBXResourcesBuildPhase section */
		901C326F29AA51100010083B /* Resources */ = {
			isa = PBXResourcesBuildPhase;
			buildActionMask = 2147483647;
			files = (
			);
			runOnlyForDeploymentPostprocessing = 0;
		};
		904B7376294A04DD00FAE86D /* Resources */ = {
			isa = PBXResourcesBuildPhase;
			buildActionMask = 2147483647;
			files = (
			);
			runOnlyForDeploymentPostprocessing = 0;
		};
		904B737E294A04DD00FAE86D /* Resources */ = {
			isa = PBXResourcesBuildPhase;
			buildActionMask = 2147483647;
			files = (
			);
			runOnlyForDeploymentPostprocessing = 0;
		};
/* End PBXResourcesBuildPhase section */

/* Begin PBXSourcesBuildPhase section */
		901C326D29AA51100010083B /* Sources */ = {
			isa = PBXSourcesBuildPhase;
			buildActionMask = 2147483647;
			files = (
				901C327B29AA55340010083B /* XCTTestCase+MemoryLeakTracking.swift in Sources */,
				901C327429AA51100010083B /* EssentialFeedAPIEndToEndTests.swift in Sources */,
			);
			runOnlyForDeploymentPostprocessing = 0;
		};
		904B7374294A04DD00FAE86D /* Sources */ = {
			isa = PBXSourcesBuildPhase;
			buildActionMask = 2147483647;
			files = (
				9005A7412AA7496000391161 /* CoreDataHelpers.swift in Sources */,
				9099F6812AA73A77007FA927 /* FeedStore.xcdatamodeld in Sources */,
				909CEA2E294F42E600D93B87 /* FeedImagesMapper.swift in Sources */,
				904B739B294A3FBE00FAE86D /* FeedImage.swift in Sources */,
				906212C029DB42E3006116C8 /* RemoteFeedItem.swift in Sources */,
				90F8A5BC2A54065E002791F9 /* FeedCachePolicy.swift in Sources */,
				90DFB439294CE3DD007EA08C /* RemoteFeedLoader.swift in Sources */,
				9099F6832AA73B09007FA927 /* CoreDataFeedStore.swift in Sources */,
				906212C229DB4327006116C8 /* LocalFeedImage.swift in Sources */,
				906212BE29DB308C006116C8 /* FeedStore.swift in Sources */,
				906212BC29DB2FFE006116C8 /* LocalFeedLoader.swift in Sources */,
				900D60EA2A56B7E400D3F02C /* CodableFeedStore.swift in Sources */,
				909CEA2C294F42BB00D93B87 /* HTTPClient.swift in Sources */,
				904B739A294A3FBE00FAE86D /* FeedLoader.swift in Sources */,
				90938CEF2AA74EF4001B5B96 /* ManagedCache.swift in Sources */,
				901C326C29AA49100010083B /* URLSessionHTTPClient.swift in Sources */,
				90938CF12AA74F17001B5B96 /* ManagedFeedImage.swift in Sources */,
			);
			runOnlyForDeploymentPostprocessing = 0;
		};
		904B737C294A04DD00FAE86D /* Sources */ = {
			isa = PBXSourcesBuildPhase;
			buildActionMask = 2147483647;
			files = (
				90F8A5BE2A542959002791F9 /* CodableFeedStoreTests.swift in Sources */,
				90F8A5B82A533A17002791F9 /* FeedCacheTestHelpers.swift in Sources */,
				90F8A5B62A532A9E002791F9 /* ValidateFeedCacheUseCaseTests.swift in Sources */,
				909CEA3229506CCF00D93B87 /* URLSessionHTTPClientTests.swift in Sources */,
				90ED3FA42A93CDB30095854F /* XCTestCase+FailableInsertFeedStoreSpecs.swift in Sources */,
				901C326A29AA2B050010083B /* XCTTestCase+MemoryLeakTracking.swift in Sources */,
				90F8A5B32A52D18E002791F9 /* FeedStoreSpy.swift in Sources */,
				90F8A5BA2A533A7E002791F9 /* SharedTestHelpers.swift in Sources */,
				9062127429D6E15A006116C8 /* CacheFeedUseCaseTests.swift in Sources */,
				90ED3FA62A93CEE80095854F /* XCTestCase+FailableDeleteFeedStoreSpecs.swift in Sources */,
				90ED3FA22A93CC8C0095854F /* XCTestCase+FailableRetrieveFeedStoreSpecs.swift in Sources */,
				90F8A5B12A52BB20002791F9 /* LoadFeedFromCacheUseCaseTests.swift in Sources */,
				90F99CCE2A93C3C9007AE497 /* FeedStoreSpecs.swift in Sources */,
				9062127129D6D732006116C8 /* LoadFeedFromRemoteUseCaseTests.swift in Sources */,
				901DB6D02AA73317007E1CE1 /* CoreDataFeedStoreTests.swift in Sources */,
				90F99CD02A93C459007AE497 /* XCTestCase+FeedStoreSpecs.swift in Sources */,
			);
			runOnlyForDeploymentPostprocessing = 0;
		};
/* End PBXSourcesBuildPhase section */

/* Begin PBXTargetDependency section */
		901C327729AA51100010083B /* PBXTargetDependency */ = {
			isa = PBXTargetDependency;
			target = 904B7377294A04DD00FAE86D /* EssentialFeed */;
			targetProxy = 901C327629AA51100010083B /* PBXContainerItemProxy */;
		};
		904B7383294A04DD00FAE86D /* PBXTargetDependency */ = {
			isa = PBXTargetDependency;
			target = 904B7377294A04DD00FAE86D /* EssentialFeed */;
			targetProxy = 904B7382294A04DD00FAE86D /* PBXContainerItemProxy */;
		};
/* End PBXTargetDependency section */

/* Begin XCBuildConfiguration section */
		901C327929AA51100010083B /* Debug */ = {
			isa = XCBuildConfiguration;
			buildSettings = {
				CODE_SIGN_STYLE = Automatic;
				CURRENT_PROJECT_VERSION = 1;
				DEVELOPMENT_TEAM = JA73KXA2KR;
				GENERATE_INFOPLIST_FILE = YES;
				IPHONEOS_DEPLOYMENT_TARGET = 15.0;
				MARKETING_VERSION = 1.0;
				PRODUCT_BUNDLE_IDENTIFIER = com.petarbelokonski.EssentialFeedAPIEndToEndTests;
				PRODUCT_NAME = "$(TARGET_NAME)";
				SWIFT_EMIT_LOC_STRINGS = NO;
				SWIFT_VERSION = 5.0;
				TARGETED_DEVICE_FAMILY = "1,2";
			};
			name = Debug;
		};
		901C327A29AA51100010083B /* Release */ = {
			isa = XCBuildConfiguration;
			buildSettings = {
				CODE_SIGN_STYLE = Automatic;
				CURRENT_PROJECT_VERSION = 1;
				DEVELOPMENT_TEAM = JA73KXA2KR;
				GENERATE_INFOPLIST_FILE = YES;
				IPHONEOS_DEPLOYMENT_TARGET = 15.0;
				MARKETING_VERSION = 1.0;
				PRODUCT_BUNDLE_IDENTIFIER = com.petarbelokonski.EssentialFeedAPIEndToEndTests;
				PRODUCT_NAME = "$(TARGET_NAME)";
				SWIFT_EMIT_LOC_STRINGS = NO;
				SWIFT_VERSION = 5.0;
				TARGETED_DEVICE_FAMILY = "1,2";
			};
			name = Release;
		};
		904B7388294A04DD00FAE86D /* Debug */ = {
			isa = XCBuildConfiguration;
			buildSettings = {
				ALWAYS_SEARCH_USER_PATHS = NO;
				CLANG_ANALYZER_NONNULL = YES;
				CLANG_ANALYZER_NUMBER_OBJECT_CONVERSION = YES_AGGRESSIVE;
				CLANG_CXX_LANGUAGE_STANDARD = "gnu++20";
				CLANG_ENABLE_MODULES = YES;
				CLANG_ENABLE_OBJC_ARC = YES;
				CLANG_ENABLE_OBJC_WEAK = YES;
				CLANG_WARN_BLOCK_CAPTURE_AUTORELEASING = YES;
				CLANG_WARN_BOOL_CONVERSION = YES;
				CLANG_WARN_COMMA = YES;
				CLANG_WARN_CONSTANT_CONVERSION = YES;
				CLANG_WARN_DEPRECATED_OBJC_IMPLEMENTATIONS = YES;
				CLANG_WARN_DIRECT_OBJC_ISA_USAGE = YES_ERROR;
				CLANG_WARN_DOCUMENTATION_COMMENTS = YES;
				CLANG_WARN_EMPTY_BODY = YES;
				CLANG_WARN_ENUM_CONVERSION = YES;
				CLANG_WARN_INFINITE_RECURSION = YES;
				CLANG_WARN_INT_CONVERSION = YES;
				CLANG_WARN_NON_LITERAL_NULL_CONVERSION = YES;
				CLANG_WARN_OBJC_IMPLICIT_RETAIN_SELF = YES;
				CLANG_WARN_OBJC_LITERAL_CONVERSION = YES;
				CLANG_WARN_OBJC_ROOT_CLASS = YES_ERROR;
				CLANG_WARN_QUOTED_INCLUDE_IN_FRAMEWORK_HEADER = YES;
				CLANG_WARN_RANGE_LOOP_ANALYSIS = YES;
				CLANG_WARN_STRICT_PROTOTYPES = YES;
				CLANG_WARN_SUSPICIOUS_MOVE = YES;
				CLANG_WARN_UNGUARDED_AVAILABILITY = YES_AGGRESSIVE;
				CLANG_WARN_UNREACHABLE_CODE = YES;
				CLANG_WARN__DUPLICATE_METHOD_MATCH = YES;
				COPY_PHASE_STRIP = NO;
				CURRENT_PROJECT_VERSION = 1;
				DEBUG_INFORMATION_FORMAT = dwarf;
				ENABLE_STRICT_OBJC_MSGSEND = YES;
				ENABLE_TESTABILITY = YES;
				GCC_C_LANGUAGE_STANDARD = gnu11;
				GCC_DYNAMIC_NO_PIC = NO;
				GCC_NO_COMMON_BLOCKS = YES;
				GCC_OPTIMIZATION_LEVEL = 0;
				GCC_PREPROCESSOR_DEFINITIONS = (
					"DEBUG=1",
					"$(inherited)",
				);
				GCC_WARN_64_TO_32_BIT_CONVERSION = YES;
				GCC_WARN_ABOUT_RETURN_TYPE = YES_ERROR;
				GCC_WARN_UNDECLARED_SELECTOR = YES;
				GCC_WARN_UNINITIALIZED_AUTOS = YES_AGGRESSIVE;
				GCC_WARN_UNUSED_FUNCTION = YES;
				GCC_WARN_UNUSED_VARIABLE = YES;
				IPHONEOS_DEPLOYMENT_TARGET = 16.0;
				MACOSX_DEPLOYMENT_TARGET = 12.3;
				MTL_ENABLE_DEBUG_INFO = INCLUDE_SOURCE;
				MTL_FAST_MATH = YES;
				ONLY_ACTIVE_ARCH = YES;
				SDKROOT = iphoneos;
				SWIFT_ACTIVE_COMPILATION_CONDITIONS = DEBUG;
				SWIFT_OPTIMIZATION_LEVEL = "-Onone";
				VERSIONING_SYSTEM = "apple-generic";
				VERSION_INFO_PREFIX = "";
			};
			name = Debug;
		};
		904B7389294A04DD00FAE86D /* Release */ = {
			isa = XCBuildConfiguration;
			buildSettings = {
				ALWAYS_SEARCH_USER_PATHS = NO;
				CLANG_ANALYZER_NONNULL = YES;
				CLANG_ANALYZER_NUMBER_OBJECT_CONVERSION = YES_AGGRESSIVE;
				CLANG_CXX_LANGUAGE_STANDARD = "gnu++20";
				CLANG_ENABLE_MODULES = YES;
				CLANG_ENABLE_OBJC_ARC = YES;
				CLANG_ENABLE_OBJC_WEAK = YES;
				CLANG_WARN_BLOCK_CAPTURE_AUTORELEASING = YES;
				CLANG_WARN_BOOL_CONVERSION = YES;
				CLANG_WARN_COMMA = YES;
				CLANG_WARN_CONSTANT_CONVERSION = YES;
				CLANG_WARN_DEPRECATED_OBJC_IMPLEMENTATIONS = YES;
				CLANG_WARN_DIRECT_OBJC_ISA_USAGE = YES_ERROR;
				CLANG_WARN_DOCUMENTATION_COMMENTS = YES;
				CLANG_WARN_EMPTY_BODY = YES;
				CLANG_WARN_ENUM_CONVERSION = YES;
				CLANG_WARN_INFINITE_RECURSION = YES;
				CLANG_WARN_INT_CONVERSION = YES;
				CLANG_WARN_NON_LITERAL_NULL_CONVERSION = YES;
				CLANG_WARN_OBJC_IMPLICIT_RETAIN_SELF = YES;
				CLANG_WARN_OBJC_LITERAL_CONVERSION = YES;
				CLANG_WARN_OBJC_ROOT_CLASS = YES_ERROR;
				CLANG_WARN_QUOTED_INCLUDE_IN_FRAMEWORK_HEADER = YES;
				CLANG_WARN_RANGE_LOOP_ANALYSIS = YES;
				CLANG_WARN_STRICT_PROTOTYPES = YES;
				CLANG_WARN_SUSPICIOUS_MOVE = YES;
				CLANG_WARN_UNGUARDED_AVAILABILITY = YES_AGGRESSIVE;
				CLANG_WARN_UNREACHABLE_CODE = YES;
				CLANG_WARN__DUPLICATE_METHOD_MATCH = YES;
				COPY_PHASE_STRIP = NO;
				CURRENT_PROJECT_VERSION = 1;
				DEBUG_INFORMATION_FORMAT = "dwarf-with-dsym";
				ENABLE_NS_ASSERTIONS = NO;
				ENABLE_STRICT_OBJC_MSGSEND = YES;
				GCC_C_LANGUAGE_STANDARD = gnu11;
				GCC_NO_COMMON_BLOCKS = YES;
				GCC_WARN_64_TO_32_BIT_CONVERSION = YES;
				GCC_WARN_ABOUT_RETURN_TYPE = YES_ERROR;
				GCC_WARN_UNDECLARED_SELECTOR = YES;
				GCC_WARN_UNINITIALIZED_AUTOS = YES_AGGRESSIVE;
				GCC_WARN_UNUSED_FUNCTION = YES;
				GCC_WARN_UNUSED_VARIABLE = YES;
				IPHONEOS_DEPLOYMENT_TARGET = 16.0;
				MACOSX_DEPLOYMENT_TARGET = 12.3;
				MTL_ENABLE_DEBUG_INFO = NO;
				MTL_FAST_MATH = YES;
				SDKROOT = iphoneos;
				SWIFT_COMPILATION_MODE = wholemodule;
				SWIFT_OPTIMIZATION_LEVEL = "-O";
				VALIDATE_PRODUCT = YES;
				VERSIONING_SYSTEM = "apple-generic";
				VERSION_INFO_PREFIX = "";
			};
			name = Release;
		};
		904B738B294A04DD00FAE86D /* Debug */ = {
			isa = XCBuildConfiguration;
			buildSettings = {
				CLANG_ENABLE_MODULES = YES;
				CODE_SIGN_STYLE = Automatic;
				CURRENT_PROJECT_VERSION = 1;
				DEFINES_MODULE = YES;
				DEVELOPMENT_TEAM = JA73KXA2KR;
				DYLIB_COMPATIBILITY_VERSION = 1;
				DYLIB_CURRENT_VERSION = 1;
				DYLIB_INSTALL_NAME_BASE = "@rpath";
				GENERATE_INFOPLIST_FILE = YES;
				INFOPLIST_KEY_NSHumanReadableCopyright = "";
				INSTALL_PATH = "$(LOCAL_LIBRARY_DIR)/Frameworks";
				IPHONEOS_DEPLOYMENT_TARGET = 15.0;
				LD_RUNPATH_SEARCH_PATHS = (
					"$(inherited)",
					"@executable_path/Frameworks",
					"@loader_path/Frameworks",
				);
				MARKETING_VERSION = 1.0;
				PRODUCT_BUNDLE_IDENTIFIER = com.petarbelokonski.EssentialFeed;
				PRODUCT_NAME = "$(TARGET_NAME:c99extidentifier)";
				SKIP_INSTALL = YES;
				SWIFT_EMIT_LOC_STRINGS = YES;
				SWIFT_OPTIMIZATION_LEVEL = "-Onone";
				SWIFT_VERSION = 5.0;
				TARGETED_DEVICE_FAMILY = "1,2";
			};
			name = Debug;
		};
		904B738C294A04DD00FAE86D /* Release */ = {
			isa = XCBuildConfiguration;
			buildSettings = {
				CLANG_ENABLE_MODULES = YES;
				CODE_SIGN_STYLE = Automatic;
				CURRENT_PROJECT_VERSION = 1;
				DEFINES_MODULE = YES;
				DEVELOPMENT_TEAM = JA73KXA2KR;
				DYLIB_COMPATIBILITY_VERSION = 1;
				DYLIB_CURRENT_VERSION = 1;
				DYLIB_INSTALL_NAME_BASE = "@rpath";
				GENERATE_INFOPLIST_FILE = YES;
				INFOPLIST_KEY_NSHumanReadableCopyright = "";
				INSTALL_PATH = "$(LOCAL_LIBRARY_DIR)/Frameworks";
				IPHONEOS_DEPLOYMENT_TARGET = 15.0;
				LD_RUNPATH_SEARCH_PATHS = (
					"$(inherited)",
					"@executable_path/Frameworks",
					"@loader_path/Frameworks",
				);
				MARKETING_VERSION = 1.0;
				PRODUCT_BUNDLE_IDENTIFIER = com.petarbelokonski.EssentialFeed;
				PRODUCT_NAME = "$(TARGET_NAME:c99extidentifier)";
				SKIP_INSTALL = YES;
				SWIFT_EMIT_LOC_STRINGS = YES;
				SWIFT_VERSION = 5.0;
				TARGETED_DEVICE_FAMILY = "1,2";
			};
			name = Release;
		};
		904B738E294A04DD00FAE86D /* Debug */ = {
			isa = XCBuildConfiguration;
			buildSettings = {
				ALWAYS_EMBED_SWIFT_STANDARD_LIBRARIES = YES;
				CODE_SIGN_STYLE = Automatic;
				CURRENT_PROJECT_VERSION = 1;
				DEVELOPMENT_TEAM = JA73KXA2KR;
				GENERATE_INFOPLIST_FILE = YES;
				IPHONEOS_DEPLOYMENT_TARGET = 15.0;
				MARKETING_VERSION = 1.0;
				PRODUCT_BUNDLE_IDENTIFIER = com.petarbelokonski.EssentialFeedTests;
				PRODUCT_NAME = "$(TARGET_NAME)";
				SWIFT_EMIT_LOC_STRINGS = NO;
				SWIFT_VERSION = 5.0;
				TARGETED_DEVICE_FAMILY = "1,2";
			};
			name = Debug;
		};
		904B738F294A04DD00FAE86D /* Release */ = {
			isa = XCBuildConfiguration;
			buildSettings = {
				ALWAYS_EMBED_SWIFT_STANDARD_LIBRARIES = YES;
				CODE_SIGN_STYLE = Automatic;
				CURRENT_PROJECT_VERSION = 1;
				DEVELOPMENT_TEAM = JA73KXA2KR;
				GENERATE_INFOPLIST_FILE = YES;
				IPHONEOS_DEPLOYMENT_TARGET = 15.0;
				MARKETING_VERSION = 1.0;
				PRODUCT_BUNDLE_IDENTIFIER = com.petarbelokonski.EssentialFeedTests;
				PRODUCT_NAME = "$(TARGET_NAME)";
				SWIFT_EMIT_LOC_STRINGS = NO;
				SWIFT_VERSION = 5.0;
				TARGETED_DEVICE_FAMILY = "1,2";
			};
			name = Release;
		};
/* End XCBuildConfiguration section */

/* Begin XCConfigurationList section */
		901C327829AA51100010083B /* Build configuration list for PBXNativeTarget "EssentialFeedAPIEndToEndTests" */ = {
			isa = XCConfigurationList;
			buildConfigurations = (
				901C327929AA51100010083B /* Debug */,
				901C327A29AA51100010083B /* Release */,
			);
			defaultConfigurationIsVisible = 0;
			defaultConfigurationName = Release;
		};
		904B7372294A04DD00FAE86D /* Build configuration list for PBXProject "EssentialFeed" */ = {
			isa = XCConfigurationList;
			buildConfigurations = (
				904B7388294A04DD00FAE86D /* Debug */,
				904B7389294A04DD00FAE86D /* Release */,
			);
			defaultConfigurationIsVisible = 0;
			defaultConfigurationName = Release;
		};
		904B738A294A04DD00FAE86D /* Build configuration list for PBXNativeTarget "EssentialFeed" */ = {
			isa = XCConfigurationList;
			buildConfigurations = (
				904B738B294A04DD00FAE86D /* Debug */,
				904B738C294A04DD00FAE86D /* Release */,
			);
			defaultConfigurationIsVisible = 0;
			defaultConfigurationName = Release;
		};
		904B738D294A04DD00FAE86D /* Build configuration list for PBXNativeTarget "EssentialFeedTests" */ = {
			isa = XCConfigurationList;
			buildConfigurations = (
				904B738E294A04DD00FAE86D /* Debug */,
				904B738F294A04DD00FAE86D /* Release */,
			);
			defaultConfigurationIsVisible = 0;
			defaultConfigurationName = Release;
		};
/* End XCConfigurationList section */

/* Begin XCVersionGroup section */
		9099F67F2AA73A77007FA927 /* FeedStore.xcdatamodeld */ = {
			isa = XCVersionGroup;
			children = (
				9099F6802AA73A77007FA927 /* FeedStore.xcdatamodel */,
			);
			currentVersion = 9099F6802AA73A77007FA927 /* FeedStore.xcdatamodel */;
			path = FeedStore.xcdatamodeld;
			sourceTree = "<group>";
			versionGroupType = wrapper.xcdatamodel;
		};
/* End XCVersionGroup section */
	};
	rootObject = 904B736F294A04DD00FAE86D /* Project object */;
}
