// !$*UTF8*$!
{
	archiveVersion = 1;
	classes = {
	};
	objectVersion = 56;
	objects = {

/* Begin PBXBuildFile section */
		901C326A29AA2B050010083B /* XCTTestCase+MemoryLeakTracking.swift in Sources */ = {isa = PBXBuildFile; fileRef = 901C326929AA2B050010083B /* XCTTestCase+MemoryLeakTracking.swift */; };
		901C326C29AA49100010083B /* URLSessionHTTPClient.swift in Sources */ = {isa = PBXBuildFile; fileRef = 901C326B29AA49100010083B /* URLSessionHTTPClient.swift */; };
		901C327429AA51100010083B /* EssentialFeedAPIEndToEndTests.swift in Sources */ = {isa = PBXBuildFile; fileRef = 901C327329AA51100010083B /* EssentialFeedAPIEndToEndTests.swift */; };
		901C327529AA51100010083B /* EssentialFeed.framework in Frameworks */ = {isa = PBXBuildFile; fileRef = 904B7378294A04DD00FAE86D /* EssentialFeed.framework */; };
		901C327B29AA55340010083B /* XCTTestCase+MemoryLeakTracking.swift in Sources */ = {isa = PBXBuildFile; fileRef = 901C326929AA2B050010083B /* XCTTestCase+MemoryLeakTracking.swift */; };
		904B7381294A04DD00FAE86D /* EssentialFeed.framework in Frameworks */ = {isa = PBXBuildFile; fileRef = 904B7378294A04DD00FAE86D /* EssentialFeed.framework */; };
		904B7387294A04DD00FAE86D /* EssentialFeed.h in Headers */ = {isa = PBXBuildFile; fileRef = 904B737B294A04DD00FAE86D /* EssentialFeed.h */; settings = {ATTRIBUTES = (Public, ); }; };
		904B739A294A3FBE00FAE86D /* FeedLoader.swift in Sources */ = {isa = PBXBuildFile; fileRef = 904B7398294A3FBE00FAE86D /* FeedLoader.swift */; };
		904B739B294A3FBE00FAE86D /* FeedItem.swift in Sources */ = {isa = PBXBuildFile; fileRef = 904B7399294A3FBE00FAE86D /* FeedItem.swift */; };
		9062127129D6D732006116C8 /* LoadFeedFromRemoteUseCaseTests.swift in Sources */ = {isa = PBXBuildFile; fileRef = 9062127029D6D732006116C8 /* LoadFeedFromRemoteUseCaseTests.swift */; };
		909CEA2C294F42BB00D93B87 /* HTTPClient.swift in Sources */ = {isa = PBXBuildFile; fileRef = 909CEA2B294F42BB00D93B87 /* HTTPClient.swift */; };
		909CEA2E294F42E600D93B87 /* FeedItemsMapper.swift in Sources */ = {isa = PBXBuildFile; fileRef = 909CEA2D294F42E600D93B87 /* FeedItemsMapper.swift */; };
		909CEA3229506CCF00D93B87 /* URLSessionHTTPClientTests.swift in Sources */ = {isa = PBXBuildFile; fileRef = 909CEA3129506CCF00D93B87 /* URLSessionHTTPClientTests.swift */; };
		90DFB439294CE3DD007EA08C /* RemoteFeedLoader.swift in Sources */ = {isa = PBXBuildFile; fileRef = 90DFB438294CE3DD007EA08C /* RemoteFeedLoader.swift */; };
/* End PBXBuildFile section */

/* Begin PBXContainerItemProxy section */
		901C327629AA51100010083B /* PBXContainerItemProxy */ = {
			isa = PBXContainerItemProxy;
			containerPortal = 904B736F294A04DD00FAE86D /* Project object */;
			proxyType = 1;
			remoteGlobalIDString = 904B7377294A04DD00FAE86D;
			remoteInfo = EssentialFeed;
		};
		904B7382294A04DD00FAE86D /* PBXContainerItemProxy */ = {
			isa = PBXContainerItemProxy;
			containerPortal = 904B736F294A04DD00FAE86D /* Project object */;
			proxyType = 1;
			remoteGlobalIDString = 904B7377294A04DD00FAE86D;
			remoteInfo = EssentialFeed;
		};
/* End PBXContainerItemProxy section */

/* Begin PBXFileReference section */
		901C326929AA2B050010083B /* XCTTestCase+MemoryLeakTracking.swift */ = {isa = PBXFileReference; lastKnownFileType = sourcecode.swift; path = "XCTTestCase+MemoryLeakTracking.swift"; sourceTree = "<group>"; };
		901C326B29AA49100010083B /* URLSessionHTTPClient.swift */ = {isa = PBXFileReference; lastKnownFileType = sourcecode.swift; path = URLSessionHTTPClient.swift; sourceTree = "<group>"; };
		901C327129AA51100010083B /* EssentialFeedAPIEndToEndTests.xctest */ = {isa = PBXFileReference; explicitFileType = wrapper.cfbundle; includeInIndex = 0; path = EssentialFeedAPIEndToEndTests.xctest; sourceTree = BUILT_PRODUCTS_DIR; };
		901C327329AA51100010083B /* EssentialFeedAPIEndToEndTests.swift */ = {isa = PBXFileReference; lastKnownFileType = sourcecode.swift; path = EssentialFeedAPIEndToEndTests.swift; sourceTree = "<group>"; };
		904B7378294A04DD00FAE86D /* EssentialFeed.framework */ = {isa = PBXFileReference; explicitFileType = wrapper.framework; includeInIndex = 0; path = EssentialFeed.framework; sourceTree = BUILT_PRODUCTS_DIR; };
		904B737B294A04DD00FAE86D /* EssentialFeed.h */ = {isa = PBXFileReference; lastKnownFileType = sourcecode.c.h; path = EssentialFeed.h; sourceTree = "<group>"; };
		904B7380294A04DD00FAE86D /* EssentialFeedTests.xctest */ = {isa = PBXFileReference; explicitFileType = wrapper.cfbundle; includeInIndex = 0; path = EssentialFeedTests.xctest; sourceTree = BUILT_PRODUCTS_DIR; };
		904B7398294A3FBE00FAE86D /* FeedLoader.swift */ = {isa = PBXFileReference; fileEncoding = 4; lastKnownFileType = sourcecode.swift; path = FeedLoader.swift; sourceTree = "<group>"; };
		904B7399294A3FBE00FAE86D /* FeedItem.swift */ = {isa = PBXFileReference; fileEncoding = 4; lastKnownFileType = sourcecode.swift; path = FeedItem.swift; sourceTree = "<group>"; };
		9062127029D6D732006116C8 /* LoadFeedFromRemoteUseCaseTests.swift */ = {isa = PBXFileReference; fileEncoding = 4; lastKnownFileType = sourcecode.swift; name = LoadFeedFromRemoteUseCaseTests.swift; path = "EssentialFeedTests/Feed API/LoadFeedFromRemoteUseCaseTests.swift"; sourceTree = SOURCE_ROOT; };
		909CEA2B294F42BB00D93B87 /* HTTPClient.swift */ = {isa = PBXFileReference; lastKnownFileType = sourcecode.swift; path = HTTPClient.swift; sourceTree = "<group>"; };
		909CEA2D294F42E600D93B87 /* FeedItemsMapper.swift */ = {isa = PBXFileReference; lastKnownFileType = sourcecode.swift; path = FeedItemsMapper.swift; sourceTree = "<group>"; };
		909CEA3129506CCF00D93B87 /* URLSessionHTTPClientTests.swift */ = {isa = PBXFileReference; lastKnownFileType = sourcecode.swift; path = URLSessionHTTPClientTests.swift; sourceTree = "<group>"; };
		90DFB438294CE3DD007EA08C /* RemoteFeedLoader.swift */ = {isa = PBXFileReference; lastKnownFileType = sourcecode.swift; path = RemoteFeedLoader.swift; sourceTree = "<group>"; };
/* End PBXFileReference section */

/* Begin PBXFrameworksBuildPhase section */
		901C326E29AA51100010083B /* Frameworks */ = {
			isa = PBXFrameworksBuildPhase;
			buildActionMask = 2147483647;
			files = (
				901C327529AA51100010083B /* EssentialFeed.framework in Frameworks */,
			);
			runOnlyForDeploymentPostprocessing = 0;
		};
		904B7375294A04DD00FAE86D /* Frameworks */ = {
			isa = PBXFrameworksBuildPhase;
			buildActionMask = 2147483647;
			files = (
			);
			runOnlyForDeploymentPostprocessing = 0;
		};
		904B737D294A04DD00FAE86D /* Frameworks */ = {
			isa = PBXFrameworksBuildPhase;
			buildActionMask = 2147483647;
			files = (
				904B7381294A04DD00FAE86D /* EssentialFeed.framework in Frameworks */,
			);
			runOnlyForDeploymentPostprocessing = 0;
		};
/* End PBXFrameworksBuildPhase section */

/* Begin PBXGroup section */
		901C326829AA2AEB0010083B /* Helpers */ = {
			isa = PBXGroup;
			children = (
				901C326929AA2B050010083B /* XCTTestCase+MemoryLeakTracking.swift */,
			);
			path = Helpers;
			sourceTree = "<group>";
		};
		901C327229AA51100010083B /* EssentialFeedAPIEndToEndTests */ = {
			isa = PBXGroup;
			children = (
				901C327329AA51100010083B /* EssentialFeedAPIEndToEndTests.swift */,
			);
			path = EssentialFeedAPIEndToEndTests;
			sourceTree = "<group>";
		};
		904B736E294A04DD00FAE86D = {
			isa = PBXGroup;
			children = (
				904B737A294A04DD00FAE86D /* EssentialFeed */,
				904B7384294A04DD00FAE86D /* EssentialFeedTests */,
				901C327229AA51100010083B /* EssentialFeedAPIEndToEndTests */,
				904B7379294A04DD00FAE86D /* Products */,
			);
			sourceTree = "<group>";
		};
		904B7379294A04DD00FAE86D /* Products */ = {
			isa = PBXGroup;
			children = (
				904B7378294A04DD00FAE86D /* EssentialFeed.framework */,
				904B7380294A04DD00FAE86D /* EssentialFeedTests.xctest */,
				901C327129AA51100010083B /* EssentialFeedAPIEndToEndTests.xctest */,
			);
			name = Products;
			sourceTree = "<group>";
		};
		904B737A294A04DD00FAE86D /* EssentialFeed */ = {
			isa = PBXGroup;
			children = (
				90DFB437294CE3C9007EA08C /* Feed API */,
				904B7397294A3FBE00FAE86D /* Feed Feature */,
				904B737B294A04DD00FAE86D /* EssentialFeed.h */,
			);
			path = EssentialFeed;
			sourceTree = "<group>";
		};
		904B7384294A04DD00FAE86D /* EssentialFeedTests */ = {
			isa = PBXGroup;
			children = (
				909CEA30294F4CF600D93B87 /* Feed API */,
				909CEA3129506CCF00D93B87 /* URLSessionHTTPClientTests.swift */,
			);
			path = EssentialFeedTests;
			sourceTree = "<group>";
		};
		904B7397294A3FBE00FAE86D /* Feed Feature */ = {
			isa = PBXGroup;
			children = (
				904B7398294A3FBE00FAE86D /* FeedLoader.swift */,
				904B7399294A3FBE00FAE86D /* FeedItem.swift */,
			);
			path = "Feed Feature";
			sourceTree = "<group>";
		};
		909CEA30294F4CF600D93B87 /* Feed API */ = {
			isa = PBXGroup;
			children = (
				901C326829AA2AEB0010083B /* Helpers */,
				9062127029D6D732006116C8 /* LoadFeedFromRemoteUseCaseTests.swift */,
			);
			path = "Feed API";
			sourceTree = "<group>";
		};
		90DFB437294CE3C9007EA08C /* Feed API */ = {
			isa = PBXGroup;
			children = (
				90DFB438294CE3DD007EA08C /* RemoteFeedLoader.swift */,
				909CEA2D294F42E600D93B87 /* FeedItemsMapper.swift */,
				909CEA2B294F42BB00D93B87 /* HTTPClient.swift */,
				901C326B29AA49100010083B /* URLSessionHTTPClient.swift */,
			);
			path = "Feed API";
			sourceTree = "<group>";
		};
/* End PBXGroup section */

/* Begin PBXHeadersBuildPhase section */
		904B7373294A04DD00FAE86D /* Headers */ = {
			isa = PBXHeadersBuildPhase;
			buildActionMask = 2147483647;
			files = (
				904B7387294A04DD00FAE86D /* EssentialFeed.h in Headers */,
			);
			runOnlyForDeploymentPostprocessing = 0;
		};
/* End PBXHeadersBuildPhase section */

/* Begin PBXNativeTarget section */
		901C327029AA51100010083B /* EssentialFeedAPIEndToEndTests */ = {
			isa = PBXNativeTarget;
			buildConfigurationList = 901C327829AA51100010083B /* Build configuration list for PBXNativeTarget "EssentialFeedAPIEndToEndTests" */;
			buildPhases = (
				901C326D29AA51100010083B /* Sources */,
				901C326E29AA51100010083B /* Frameworks */,
				901C326F29AA51100010083B /* Resources */,
			);
			buildRules = (
			);
			dependencies = (
				901C327729AA51100010083B /* PBXTargetDependency */,
			);
			name = EssentialFeedAPIEndToEndTests;
			productName = EssentialFeedAPIEndToEndTests;
			productReference = 901C327129AA51100010083B /* EssentialFeedAPIEndToEndTests.xctest */;
			productType = "com.apple.product-type.bundle.unit-test";
		};
		904B7377294A04DD00FAE86D /* EssentialFeed */ = {
			isa = PBXNativeTarget;
			buildConfigurationList = 904B738A294A04DD00FAE86D /* Build configuration list for PBXNativeTarget "EssentialFeed" */;
			buildPhases = (
				904B7373294A04DD00FAE86D /* Headers */,
				904B7374294A04DD00FAE86D /* Sources */,
				904B7375294A04DD00FAE86D /* Frameworks */,
				904B7376294A04DD00FAE86D /* Resources */,
			);
			buildRules = (
			);
			dependencies = (
			);
			name = EssentialFeed;
			productName = EssentialFeed;
			productReference = 904B7378294A04DD00FAE86D /* EssentialFeed.framework */;
			productType = "com.apple.product-type.framework";
		};
		904B737F294A04DD00FAE86D /* EssentialFeedTests */ = {
			isa = PBXNativeTarget;
			buildConfigurationList = 904B738D294A04DD00FAE86D /* Build configuration list for PBXNativeTarget "EssentialFeedTests" */;
			buildPhases = (
				904B737C294A04DD00FAE86D /* Sources */,
				904B737D294A04DD00FAE86D /* Frameworks */,
				904B737E294A04DD00FAE86D /* Resources */,
			);
			buildRules = (
			);
			dependencies = (
				904B7383294A04DD00FAE86D /* PBXTargetDependency */,
			);
			name = EssentialFeedTests;
			productName = EssentialFeedTests;
			productReference = 904B7380294A04DD00FAE86D /* EssentialFeedTests.xctest */;
			productType = "com.apple.product-type.bundle.unit-test";
		};
/* End PBXNativeTarget section */

/* Begin PBXProject section */
		904B736F294A04DD00FAE86D /* Project object */ = {
			isa = PBXProject;
			attributes = {
				BuildIndependentTargetsInParallel = 1;
				LastSwiftUpdateCheck = 1400;
				LastUpgradeCheck = 1400;
				TargetAttributes = {
					901C327029AA51100010083B = {
						CreatedOnToolsVersion = 14.0.1;
					};
					904B7377294A04DD00FAE86D = {
						CreatedOnToolsVersion = 14.0.1;
						LastSwiftMigration = 1400;
					};
					904B737F294A04DD00FAE86D = {
						CreatedOnToolsVersion = 14.0.1;
					};
				};
			};
			buildConfigurationList = 904B7372294A04DD00FAE86D /* Build configuration list for PBXProject "EssentialFeed" */;
			compatibilityVersion = "Xcode 14.0";
			developmentRegion = en;
			hasScannedForEncodings = 0;
			knownRegions = (
				en,
				Base,
			);
			mainGroup = 904B736E294A04DD00FAE86D;
			productRefGroup = 904B7379294A04DD00FAE86D /* Products */;
			projectDirPath = "";
			projectRoot = "";
			targets = (
				904B7377294A04DD00FAE86D /* EssentialFeed */,
				904B737F294A04DD00FAE86D /* EssentialFeedTests */,
				901C327029AA51100010083B /* EssentialFeedAPIEndToEndTests */,
			);
		};
/* End PBXProject section */

/* Begin PBXResourcesBuildPhase section */
		901C326F29AA51100010083B /* Resources */ = {
			isa = PBXResourcesBuildPhase;
			buildActionMask = 2147483647;
			files = (
			);
			runOnlyForDeploymentPostprocessing = 0;
		};
		904B7376294A04DD00FAE86D /* Resources */ = {
			isa = PBXResourcesBuildPhase;
			buildActionMask = 2147483647;
			files = (
			);
			runOnlyForDeploymentPostprocessing = 0;
		};
		904B737E294A04DD00FAE86D /* Resources */ = {
			isa = PBXResourcesBuildPhase;
			buildActionMask = 2147483647;
			files = (
			);
			runOnlyForDeploymentPostprocessing = 0;
		};
/* End PBXResourcesBuildPhase section */

/* Begin PBXSourcesBuildPhase section */
		901C326D29AA51100010083B /* Sources */ = {
			isa = PBXSourcesBuildPhase;
			buildActionMask = 2147483647;
			files = (
				901C327B29AA55340010083B /* XCTTestCase+MemoryLeakTracking.swift in Sources */,
				901C327429AA51100010083B /* EssentialFeedAPIEndToEndTests.swift in Sources */,
			);
			runOnlyForDeploymentPostprocessing = 0;
		};
		904B7374294A04DD00FAE86D /* Sources */ = {
			isa = PBXSourcesBuildPhase;
			buildActionMask = 2147483647;
			files = (
				909CEA2E294F42E600D93B87 /* FeedItemsMapper.swift in Sources */,
				904B739B294A3FBE00FAE86D /* FeedItem.swift in Sources */,
				90DFB439294CE3DD007EA08C /* RemoteFeedLoader.swift in Sources */,
				909CEA2C294F42BB00D93B87 /* HTTPClient.swift in Sources */,
				904B739A294A3FBE00FAE86D /* FeedLoader.swift in Sources */,
				901C326C29AA49100010083B /* URLSessionHTTPClient.swift in Sources */,
			);
			runOnlyForDeploymentPostprocessing = 0;
		};
		904B737C294A04DD00FAE86D /* Sources */ = {
			isa = PBXSourcesBuildPhase;
			buildActionMask = 2147483647;
			files = (
				909CEA3229506CCF00D93B87 /* URLSessionHTTPClientTests.swift in Sources */,
				901C326A29AA2B050010083B /* XCTTestCase+MemoryLeakTracking.swift in Sources */,
				9062127129D6D732006116C8 /* LoadFeedFromRemoteUseCaseTests.swift in Sources */,
			);
			runOnlyForDeploymentPostprocessing = 0;
		};
/* End PBXSourcesBuildPhase section */

/* Begin PBXTargetDependency section */
		901C327729AA51100010083B /* PBXTargetDependency */ = {
			isa = PBXTargetDependency;
			target = 904B7377294A04DD00FAE86D /* EssentialFeed */;
			targetProxy = 901C327629AA51100010083B /* PBXContainerItemProxy */;
		};
		904B7383294A04DD00FAE86D /* PBXTargetDependency */ = {
			isa = PBXTargetDependency;
			target = 904B7377294A04DD00FAE86D /* EssentialFeed */;
			targetProxy = 904B7382294A04DD00FAE86D /* PBXContainerItemProxy */;
		};
/* End PBXTargetDependency section */

/* Begin XCBuildConfiguration section */
		901C327929AA51100010083B /* Debug */ = {
			isa = XCBuildConfiguration;
			buildSettings = {
				CODE_SIGN_STYLE = Automatic;
				CURRENT_PROJECT_VERSION = 1;
				DEVELOPMENT_TEAM = JA73KXA2KR;
				GENERATE_INFOPLIST_FILE = YES;
				IPHONEOS_DEPLOYMENT_TARGET = 16.0;
				MARKETING_VERSION = 1.0;
				PRODUCT_BUNDLE_IDENTIFIER = com.petarbelokonski.EssentialFeedAPIEndToEndTests;
				PRODUCT_NAME = "$(TARGET_NAME)";
				SWIFT_EMIT_LOC_STRINGS = NO;
				SWIFT_VERSION = 5.0;
				TARGETED_DEVICE_FAMILY = "1,2";
			};
			name = Debug;
		};
		901C327A29AA51100010083B /* Release */ = {
			isa = XCBuildConfiguration;
			buildSettings = {
				CODE_SIGN_STYLE = Automatic;
				CURRENT_PROJECT_VERSION = 1;
				DEVELOPMENT_TEAM = JA73KXA2KR;
				GENERATE_INFOPLIST_FILE = YES;
				IPHONEOS_DEPLOYMENT_TARGET = 16.0;
				MARKETING_VERSION = 1.0;
				PRODUCT_BUNDLE_IDENTIFIER = com.petarbelokonski.EssentialFeedAPIEndToEndTests;
				PRODUCT_NAME = "$(TARGET_NAME)";
				SWIFT_EMIT_LOC_STRINGS = NO;
				SWIFT_VERSION = 5.0;
				TARGETED_DEVICE_FAMILY = "1,2";
			};
			name = Release;
		};
		904B7388294A04DD00FAE86D /* Debug */ = {
			isa = XCBuildConfiguration;
			buildSettings = {
				ALWAYS_SEARCH_USER_PATHS = NO;
				CLANG_ANALYZER_NONNULL = YES;
				CLANG_ANALYZER_NUMBER_OBJECT_CONVERSION = YES_AGGRESSIVE;
				CLANG_CXX_LANGUAGE_STANDARD = "gnu++20";
				CLANG_ENABLE_MODULES = YES;
				CLANG_ENABLE_OBJC_ARC = YES;
				CLANG_ENABLE_OBJC_WEAK = YES;
				CLANG_WARN_BLOCK_CAPTURE_AUTORELEASING = YES;
				CLANG_WARN_BOOL_CONVERSION = YES;
				CLANG_WARN_COMMA = YES;
				CLANG_WARN_CONSTANT_CONVERSION = YES;
				CLANG_WARN_DEPRECATED_OBJC_IMPLEMENTATIONS = YES;
				CLANG_WARN_DIRECT_OBJC_ISA_USAGE = YES_ERROR;
				CLANG_WARN_DOCUMENTATION_COMMENTS = YES;
				CLANG_WARN_EMPTY_BODY = YES;
				CLANG_WARN_ENUM_CONVERSION = YES;
				CLANG_WARN_INFINITE_RECURSION = YES;
				CLANG_WARN_INT_CONVERSION = YES;
				CLANG_WARN_NON_LITERAL_NULL_CONVERSION = YES;
				CLANG_WARN_OBJC_IMPLICIT_RETAIN_SELF = YES;
				CLANG_WARN_OBJC_LITERAL_CONVERSION = YES;
				CLANG_WARN_OBJC_ROOT_CLASS = YES_ERROR;
				CLANG_WARN_QUOTED_INCLUDE_IN_FRAMEWORK_HEADER = YES;
				CLANG_WARN_RANGE_LOOP_ANALYSIS = YES;
				CLANG_WARN_STRICT_PROTOTYPES = YES;
				CLANG_WARN_SUSPICIOUS_MOVE = YES;
				CLANG_WARN_UNGUARDED_AVAILABILITY = YES_AGGRESSIVE;
				CLANG_WARN_UNREACHABLE_CODE = YES;
				CLANG_WARN__DUPLICATE_METHOD_MATCH = YES;
				COPY_PHASE_STRIP = NO;
				CURRENT_PROJECT_VERSION = 1;
				DEBUG_INFORMATION_FORMAT = dwarf;
				ENABLE_STRICT_OBJC_MSGSEND = YES;
				ENABLE_TESTABILITY = YES;
				GCC_C_LANGUAGE_STANDARD = gnu11;
				GCC_DYNAMIC_NO_PIC = NO;
				GCC_NO_COMMON_BLOCKS = YES;
				GCC_OPTIMIZATION_LEVEL = 0;
				GCC_PREPROCESSOR_DEFINITIONS = (
					"DEBUG=1",
					"$(inherited)",
				);
				GCC_WARN_64_TO_32_BIT_CONVERSION = YES;
				GCC_WARN_ABOUT_RETURN_TYPE = YES_ERROR;
				GCC_WARN_UNDECLARED_SELECTOR = YES;
				GCC_WARN_UNINITIALIZED_AUTOS = YES_AGGRESSIVE;
				GCC_WARN_UNUSED_FUNCTION = YES;
				GCC_WARN_UNUSED_VARIABLE = YES;
				IPHONEOS_DEPLOYMENT_TARGET = 16.0;
				MACOSX_DEPLOYMENT_TARGET = 12.3;
				MTL_ENABLE_DEBUG_INFO = INCLUDE_SOURCE;
				MTL_FAST_MATH = YES;
				ONLY_ACTIVE_ARCH = YES;
				SDKROOT = iphoneos;
				SWIFT_ACTIVE_COMPILATION_CONDITIONS = DEBUG;
				SWIFT_OPTIMIZATION_LEVEL = "-Onone";
				VERSIONING_SYSTEM = "apple-generic";
				VERSION_INFO_PREFIX = "";
			};
			name = Debug;
		};
		904B7389294A04DD00FAE86D /* Release */ = {
			isa = XCBuildConfiguration;
			buildSettings = {
				ALWAYS_SEARCH_USER_PATHS = NO;
				CLANG_ANALYZER_NONNULL = YES;
				CLANG_ANALYZER_NUMBER_OBJECT_CONVERSION = YES_AGGRESSIVE;
				CLANG_CXX_LANGUAGE_STANDARD = "gnu++20";
				CLANG_ENABLE_MODULES = YES;
				CLANG_ENABLE_OBJC_ARC = YES;
				CLANG_ENABLE_OBJC_WEAK = YES;
				CLANG_WARN_BLOCK_CAPTURE_AUTORELEASING = YES;
				CLANG_WARN_BOOL_CONVERSION = YES;
				CLANG_WARN_COMMA = YES;
				CLANG_WARN_CONSTANT_CONVERSION = YES;
				CLANG_WARN_DEPRECATED_OBJC_IMPLEMENTATIONS = YES;
				CLANG_WARN_DIRECT_OBJC_ISA_USAGE = YES_ERROR;
				CLANG_WARN_DOCUMENTATION_COMMENTS = YES;
				CLANG_WARN_EMPTY_BODY = YES;
				CLANG_WARN_ENUM_CONVERSION = YES;
				CLANG_WARN_INFINITE_RECURSION = YES;
				CLANG_WARN_INT_CONVERSION = YES;
				CLANG_WARN_NON_LITERAL_NULL_CONVERSION = YES;
				CLANG_WARN_OBJC_IMPLICIT_RETAIN_SELF = YES;
				CLANG_WARN_OBJC_LITERAL_CONVERSION = YES;
				CLANG_WARN_OBJC_ROOT_CLASS = YES_ERROR;
				CLANG_WARN_QUOTED_INCLUDE_IN_FRAMEWORK_HEADER = YES;
				CLANG_WARN_RANGE_LOOP_ANALYSIS = YES;
				CLANG_WARN_STRICT_PROTOTYPES = YES;
				CLANG_WARN_SUSPICIOUS_MOVE = YES;
				CLANG_WARN_UNGUARDED_AVAILABILITY = YES_AGGRESSIVE;
				CLANG_WARN_UNREACHABLE_CODE = YES;
				CLANG_WARN__DUPLICATE_METHOD_MATCH = YES;
				COPY_PHASE_STRIP = NO;
				CURRENT_PROJECT_VERSION = 1;
				DEBUG_INFORMATION_FORMAT = "dwarf-with-dsym";
				ENABLE_NS_ASSERTIONS = NO;
				ENABLE_STRICT_OBJC_MSGSEND = YES;
				GCC_C_LANGUAGE_STANDARD = gnu11;
				GCC_NO_COMMON_BLOCKS = YES;
				GCC_WARN_64_TO_32_BIT_CONVERSION = YES;
				GCC_WARN_ABOUT_RETURN_TYPE = YES_ERROR;
				GCC_WARN_UNDECLARED_SELECTOR = YES;
				GCC_WARN_UNINITIALIZED_AUTOS = YES_AGGRESSIVE;
				GCC_WARN_UNUSED_FUNCTION = YES;
				GCC_WARN_UNUSED_VARIABLE = YES;
				IPHONEOS_DEPLOYMENT_TARGET = 16.0;
				MACOSX_DEPLOYMENT_TARGET = 12.3;
				MTL_ENABLE_DEBUG_INFO = NO;
				MTL_FAST_MATH = YES;
				SDKROOT = iphoneos;
				SWIFT_COMPILATION_MODE = wholemodule;
				SWIFT_OPTIMIZATION_LEVEL = "-O";
				VALIDATE_PRODUCT = YES;
				VERSIONING_SYSTEM = "apple-generic";
				VERSION_INFO_PREFIX = "";
			};
			name = Release;
		};
		904B738B294A04DD00FAE86D /* Debug */ = {
			isa = XCBuildConfiguration;
			buildSettings = {
				CLANG_ENABLE_MODULES = YES;
				CODE_SIGN_STYLE = Automatic;
				CURRENT_PROJECT_VERSION = 1;
				DEFINES_MODULE = YES;
				DEVELOPMENT_TEAM = JA73KXA2KR;
				DYLIB_COMPATIBILITY_VERSION = 1;
				DYLIB_CURRENT_VERSION = 1;
				DYLIB_INSTALL_NAME_BASE = "@rpath";
				GENERATE_INFOPLIST_FILE = YES;
				INFOPLIST_KEY_NSHumanReadableCopyright = "";
				INSTALL_PATH = "$(LOCAL_LIBRARY_DIR)/Frameworks";
				IPHONEOS_DEPLOYMENT_TARGET = 16.0;
				LD_RUNPATH_SEARCH_PATHS = (
					"$(inherited)",
					"@executable_path/Frameworks",
					"@loader_path/Frameworks",
				);
				MARKETING_VERSION = 1.0;
				PRODUCT_BUNDLE_IDENTIFIER = com.petarbelokonski.EssentialFeed;
				PRODUCT_NAME = "$(TARGET_NAME:c99extidentifier)";
				SKIP_INSTALL = YES;
				SWIFT_EMIT_LOC_STRINGS = YES;
				SWIFT_OPTIMIZATION_LEVEL = "-Onone";
				SWIFT_VERSION = 5.0;
				TARGETED_DEVICE_FAMILY = "1,2";
			};
			name = Debug;
		};
		904B738C294A04DD00FAE86D /* Release */ = {
			isa = XCBuildConfiguration;
			buildSettings = {
				CLANG_ENABLE_MODULES = YES;
				CODE_SIGN_STYLE = Automatic;
				CURRENT_PROJECT_VERSION = 1;
				DEFINES_MODULE = YES;
				DEVELOPMENT_TEAM = JA73KXA2KR;
				DYLIB_COMPATIBILITY_VERSION = 1;
				DYLIB_CURRENT_VERSION = 1;
				DYLIB_INSTALL_NAME_BASE = "@rpath";
				GENERATE_INFOPLIST_FILE = YES;
				INFOPLIST_KEY_NSHumanReadableCopyright = "";
				INSTALL_PATH = "$(LOCAL_LIBRARY_DIR)/Frameworks";
				IPHONEOS_DEPLOYMENT_TARGET = 16.0;
				LD_RUNPATH_SEARCH_PATHS = (
					"$(inherited)",
					"@executable_path/Frameworks",
					"@loader_path/Frameworks",
				);
				MARKETING_VERSION = 1.0;
				PRODUCT_BUNDLE_IDENTIFIER = com.petarbelokonski.EssentialFeed;
				PRODUCT_NAME = "$(TARGET_NAME:c99extidentifier)";
				SKIP_INSTALL = YES;
				SWIFT_EMIT_LOC_STRINGS = YES;
				SWIFT_VERSION = 5.0;
				TARGETED_DEVICE_FAMILY = "1,2";
			};
			name = Release;
		};
		904B738E294A04DD00FAE86D /* Debug */ = {
			isa = XCBuildConfiguration;
			buildSettings = {
				ALWAYS_EMBED_SWIFT_STANDARD_LIBRARIES = YES;
				CODE_SIGN_STYLE = Automatic;
				CURRENT_PROJECT_VERSION = 1;
				DEVELOPMENT_TEAM = JA73KXA2KR;
				GENERATE_INFOPLIST_FILE = YES;
				IPHONEOS_DEPLOYMENT_TARGET = 16.0;
				MARKETING_VERSION = 1.0;
				PRODUCT_BUNDLE_IDENTIFIER = com.petarbelokonski.EssentialFeedTests;
				PRODUCT_NAME = "$(TARGET_NAME)";
				SWIFT_EMIT_LOC_STRINGS = NO;
				SWIFT_VERSION = 5.0;
				TARGETED_DEVICE_FAMILY = "1,2";
			};
			name = Debug;
		};
		904B738F294A04DD00FAE86D /* Release */ = {
			isa = XCBuildConfiguration;
			buildSettings = {
				ALWAYS_EMBED_SWIFT_STANDARD_LIBRARIES = YES;
				CODE_SIGN_STYLE = Automatic;
				CURRENT_PROJECT_VERSION = 1;
				DEVELOPMENT_TEAM = JA73KXA2KR;
				GENERATE_INFOPLIST_FILE = YES;
				IPHONEOS_DEPLOYMENT_TARGET = 16.0;
				MARKETING_VERSION = 1.0;
				PRODUCT_BUNDLE_IDENTIFIER = com.petarbelokonski.EssentialFeedTests;
				PRODUCT_NAME = "$(TARGET_NAME)";
				SWIFT_EMIT_LOC_STRINGS = NO;
				SWIFT_VERSION = 5.0;
				TARGETED_DEVICE_FAMILY = "1,2";
			};
			name = Release;
		};
/* End XCBuildConfiguration section */

/* Begin XCConfigurationList section */
		901C327829AA51100010083B /* Build configuration list for PBXNativeTarget "EssentialFeedAPIEndToEndTests" */ = {
			isa = XCConfigurationList;
			buildConfigurations = (
				901C327929AA51100010083B /* Debug */,
				901C327A29AA51100010083B /* Release */,
			);
			defaultConfigurationIsVisible = 0;
			defaultConfigurationName = Release;
		};
		904B7372294A04DD00FAE86D /* Build configuration list for PBXProject "EssentialFeed" */ = {
			isa = XCConfigurationList;
			buildConfigurations = (
				904B7388294A04DD00FAE86D /* Debug */,
				904B7389294A04DD00FAE86D /* Release */,
			);
			defaultConfigurationIsVisible = 0;
			defaultConfigurationName = Release;
		};
		904B738A294A04DD00FAE86D /* Build configuration list for PBXNativeTarget "EssentialFeed" */ = {
			isa = XCConfigurationList;
			buildConfigurations = (
				904B738B294A04DD00FAE86D /* Debug */,
				904B738C294A04DD00FAE86D /* Release */,
			);
			defaultConfigurationIsVisible = 0;
			defaultConfigurationName = Release;
		};
		904B738D294A04DD00FAE86D /* Build configuration list for PBXNativeTarget "EssentialFeedTests" */ = {
			isa = XCConfigurationList;
			buildConfigurations = (
				904B738E294A04DD00FAE86D /* Debug */,
				904B738F294A04DD00FAE86D /* Release */,
			);
			defaultConfigurationIsVisible = 0;
			defaultConfigurationName = Release;
		};
/* End XCConfigurationList section */
	};
	rootObject = 904B736F294A04DD00FAE86D /* Project object */;
}
