// !$*UTF8*$!
{
	archiveVersion = 1;
	classes = {
	};
	objectVersion = 56;
	objects = {

/* Begin PBXBuildFile section */
		90B6AEC42AC5D1D6006E9C19 /* FeedImageDataLoaderWithFallbackComposite.swift in Sources */ = {isa = PBXBuildFile; fileRef = 90B6AEC32AC5D1D6006E9C19 /* FeedImageDataLoaderWithFallbackComposite.swift */; };
		90B6AEC62AC5D22D006E9C19 /* XCTestCase+MemoryLeakTracking.swift in Sources */ = {isa = PBXBuildFile; fileRef = 90B6AEC52AC5D22D006E9C19 /* XCTestCase+MemoryLeakTracking.swift */; };
		90B6AEC92AC5D2D6006E9C19 /* SharedTestHelpers.swift in Sources */ = {isa = PBXBuildFile; fileRef = 90B6AEC82AC5D2D6006E9C19 /* SharedTestHelpers.swift */; };
		90B6AECB2AC6AFF3006E9C19 /* FeedLoaderCacheDecoratorTests.swift in Sources */ = {isa = PBXBuildFile; fileRef = 90B6AECA2AC6AFF3006E9C19 /* FeedLoaderCacheDecoratorTests.swift */; };
		90B6AECD2AC6B23A006E9C19 /* FeedLoaderStub.swift in Sources */ = {isa = PBXBuildFile; fileRef = 90B6AECC2AC6B23A006E9C19 /* FeedLoaderStub.swift */; };
		90DEC2932AC566A200AEDE50 /* AppDelegate.swift in Sources */ = {isa = PBXBuildFile; fileRef = 90DEC2922AC566A200AEDE50 /* AppDelegate.swift */; };
		90DEC2952AC566A200AEDE50 /* SceneDelegate.swift in Sources */ = {isa = PBXBuildFile; fileRef = 90DEC2942AC566A200AEDE50 /* SceneDelegate.swift */; };
		90DEC2972AC566A200AEDE50 /* ViewController.swift in Sources */ = {isa = PBXBuildFile; fileRef = 90DEC2962AC566A200AEDE50 /* ViewController.swift */; };
		90DEC29A2AC566A200AEDE50 /* Main.storyboard in Resources */ = {isa = PBXBuildFile; fileRef = 90DEC2982AC566A200AEDE50 /* Main.storyboard */; };
		90DEC29C2AC566A400AEDE50 /* Assets.xcassets in Resources */ = {isa = PBXBuildFile; fileRef = 90DEC29B2AC566A400AEDE50 /* Assets.xcassets */; };
		90DEC29F2AC566A400AEDE50 /* LaunchScreen.storyboard in Resources */ = {isa = PBXBuildFile; fileRef = 90DEC29D2AC566A400AEDE50 /* LaunchScreen.storyboard */; };
		90DEC2BE2AC5675200AEDE50 /* EssentialFeed.framework in Frameworks */ = {isa = PBXBuildFile; fileRef = 90DEC2BD2AC5675200AEDE50 /* EssentialFeed.framework */; };
		90DEC2BF2AC5675200AEDE50 /* EssentialFeed.framework in Embed Frameworks */ = {isa = PBXBuildFile; fileRef = 90DEC2BD2AC5675200AEDE50 /* EssentialFeed.framework */; settings = {ATTRIBUTES = (CodeSignOnCopy, RemoveHeadersOnCopy, ); }; };
		90DEC2C22AC5675500AEDE50 /* EssentialFeediOS.framework in Frameworks */ = {isa = PBXBuildFile; fileRef = 90DEC2C12AC5675500AEDE50 /* EssentialFeediOS.framework */; };
		90DEC2C32AC5675500AEDE50 /* EssentialFeediOS.framework in Embed Frameworks */ = {isa = PBXBuildFile; fileRef = 90DEC2C12AC5675500AEDE50 /* EssentialFeediOS.framework */; settings = {ATTRIBUTES = (CodeSignOnCopy, RemoveHeadersOnCopy, ); }; };
		90DEC2CB2AC588E200AEDE50 /* FeedLoaderWithFallbackCompositeTests.swift in Sources */ = {isa = PBXBuildFile; fileRef = 90DEC2CA2AC588E200AEDE50 /* FeedLoaderWithFallbackCompositeTests.swift */; };
		90DEC2D22AC5917700AEDE50 /* FeedLoaderWithFallbackComposite.swift in Sources */ = {isa = PBXBuildFile; fileRef = 90DEC2D12AC5917700AEDE50 /* FeedLoaderWithFallbackComposite.swift */; };
		90DEC2D42AC593AF00AEDE50 /* FeedImageDataLoaderWithFallbackCompositeTests.swift in Sources */ = {isa = PBXBuildFile; fileRef = 90DEC2D32AC593AF00AEDE50 /* FeedImageDataLoaderWithFallbackCompositeTests.swift */; };
/* End PBXBuildFile section */

/* Begin PBXContainerItemProxy section */
		90DEC2CC2AC588E200AEDE50 /* PBXContainerItemProxy */ = {
			isa = PBXContainerItemProxy;
			containerPortal = 90DEC2872AC566A200AEDE50 /* Project object */;
			proxyType = 1;
			remoteGlobalIDString = 90DEC28E2AC566A200AEDE50;
			remoteInfo = EssentialApp;
		};
/* End PBXContainerItemProxy section */

/* Begin PBXCopyFilesBuildPhase section */
		90DEC2C02AC5675200AEDE50 /* Embed Frameworks */ = {
			isa = PBXCopyFilesBuildPhase;
			buildActionMask = 2147483647;
			dstPath = "";
			dstSubfolderSpec = 10;
			files = (
				90DEC2BF2AC5675200AEDE50 /* EssentialFeed.framework in Embed Frameworks */,
				90DEC2C32AC5675500AEDE50 /* EssentialFeediOS.framework in Embed Frameworks */,
			);
			name = "Embed Frameworks";
			runOnlyForDeploymentPostprocessing = 0;
		};
/* End PBXCopyFilesBuildPhase section */

/* Begin PBXFileReference section */
		90B6AEC32AC5D1D6006E9C19 /* FeedImageDataLoaderWithFallbackComposite.swift */ = {isa = PBXFileReference; lastKnownFileType = sourcecode.swift; path = FeedImageDataLoaderWithFallbackComposite.swift; sourceTree = "<group>"; };
		90B6AEC52AC5D22D006E9C19 /* XCTestCase+MemoryLeakTracking.swift */ = {isa = PBXFileReference; lastKnownFileType = sourcecode.swift; path = "XCTestCase+MemoryLeakTracking.swift"; sourceTree = "<group>"; };
		90B6AEC82AC5D2D6006E9C19 /* SharedTestHelpers.swift */ = {isa = PBXFileReference; lastKnownFileType = sourcecode.swift; path = SharedTestHelpers.swift; sourceTree = "<group>"; };
		90B6AECA2AC6AFF3006E9C19 /* FeedLoaderCacheDecoratorTests.swift */ = {isa = PBXFileReference; lastKnownFileType = sourcecode.swift; path = FeedLoaderCacheDecoratorTests.swift; sourceTree = "<group>"; };
		90B6AECC2AC6B23A006E9C19 /* FeedLoaderStub.swift */ = {isa = PBXFileReference; lastKnownFileType = sourcecode.swift; path = FeedLoaderStub.swift; sourceTree = "<group>"; };
		90DEC28F2AC566A200AEDE50 /* EssentialApp.app */ = {isa = PBXFileReference; explicitFileType = wrapper.application; includeInIndex = 0; path = EssentialApp.app; sourceTree = BUILT_PRODUCTS_DIR; };
		90DEC2922AC566A200AEDE50 /* AppDelegate.swift */ = {isa = PBXFileReference; lastKnownFileType = sourcecode.swift; path = AppDelegate.swift; sourceTree = "<group>"; };
		90DEC2942AC566A200AEDE50 /* SceneDelegate.swift */ = {isa = PBXFileReference; lastKnownFileType = sourcecode.swift; path = SceneDelegate.swift; sourceTree = "<group>"; };
		90DEC2962AC566A200AEDE50 /* ViewController.swift */ = {isa = PBXFileReference; lastKnownFileType = sourcecode.swift; path = ViewController.swift; sourceTree = "<group>"; };
		90DEC2992AC566A200AEDE50 /* Base */ = {isa = PBXFileReference; lastKnownFileType = file.storyboard; name = Base; path = Base.lproj/Main.storyboard; sourceTree = "<group>"; };
		90DEC29B2AC566A400AEDE50 /* Assets.xcassets */ = {isa = PBXFileReference; lastKnownFileType = folder.assetcatalog; path = Assets.xcassets; sourceTree = "<group>"; };
		90DEC29E2AC566A400AEDE50 /* Base */ = {isa = PBXFileReference; lastKnownFileType = file.storyboard; name = Base; path = Base.lproj/LaunchScreen.storyboard; sourceTree = "<group>"; };
		90DEC2A02AC566A400AEDE50 /* Info.plist */ = {isa = PBXFileReference; lastKnownFileType = text.plist.xml; path = Info.plist; sourceTree = "<group>"; };
		90DEC2BD2AC5675200AEDE50 /* EssentialFeed.framework */ = {isa = PBXFileReference; explicitFileType = wrapper.framework; path = EssentialFeed.framework; sourceTree = BUILT_PRODUCTS_DIR; };
		90DEC2C12AC5675500AEDE50 /* EssentialFeediOS.framework */ = {isa = PBXFileReference; explicitFileType = wrapper.framework; path = EssentialFeediOS.framework; sourceTree = BUILT_PRODUCTS_DIR; };
		90DEC2C82AC588E200AEDE50 /* EssentialAppTests.xctest */ = {isa = PBXFileReference; explicitFileType = wrapper.cfbundle; includeInIndex = 0; path = EssentialAppTests.xctest; sourceTree = BUILT_PRODUCTS_DIR; };
		90DEC2CA2AC588E200AEDE50 /* FeedLoaderWithFallbackCompositeTests.swift */ = {isa = PBXFileReference; lastKnownFileType = sourcecode.swift; path = FeedLoaderWithFallbackCompositeTests.swift; sourceTree = "<group>"; };
		90DEC2D12AC5917700AEDE50 /* FeedLoaderWithFallbackComposite.swift */ = {isa = PBXFileReference; lastKnownFileType = sourcecode.swift; path = FeedLoaderWithFallbackComposite.swift; sourceTree = "<group>"; };
		90DEC2D32AC593AF00AEDE50 /* FeedImageDataLoaderWithFallbackCompositeTests.swift */ = {isa = PBXFileReference; lastKnownFileType = sourcecode.swift; path = FeedImageDataLoaderWithFallbackCompositeTests.swift; sourceTree = "<group>"; };
/* End PBXFileReference section */

/* Begin PBXFrameworksBuildPhase section */
		90DEC28C2AC566A200AEDE50 /* Frameworks */ = {
			isa = PBXFrameworksBuildPhase;
			buildActionMask = 2147483647;
			files = (
				90DEC2BE2AC5675200AEDE50 /* EssentialFeed.framework in Frameworks */,
				90DEC2C22AC5675500AEDE50 /* EssentialFeediOS.framework in Frameworks */,
			);
			runOnlyForDeploymentPostprocessing = 0;
		};
		90DEC2C52AC588E200AEDE50 /* Frameworks */ = {
			isa = PBXFrameworksBuildPhase;
			buildActionMask = 2147483647;
			files = (
			);
			runOnlyForDeploymentPostprocessing = 0;
		};
/* End PBXFrameworksBuildPhase section */

/* Begin PBXGroup section */
		90B6AEC72AC5D2CE006E9C19 /* Helpers */ = {
			isa = PBXGroup;
			children = (
				90B6AEC52AC5D22D006E9C19 /* XCTestCase+MemoryLeakTracking.swift */,
				90B6AEC82AC5D2D6006E9C19 /* SharedTestHelpers.swift */,
				90B6AECC2AC6B23A006E9C19 /* FeedLoaderStub.swift */,
			);
			path = Helpers;
			sourceTree = "<group>";
		};
		90DEC2862AC566A200AEDE50 = {
			isa = PBXGroup;
			children = (
				90DEC2912AC566A200AEDE50 /* EssentialApp */,
				90DEC2C92AC588E200AEDE50 /* EssentialAppTests */,
				90DEC2902AC566A200AEDE50 /* Products */,
				90DEC2BC2AC5675200AEDE50 /* Frameworks */,
			);
			sourceTree = "<group>";
		};
		90DEC2902AC566A200AEDE50 /* Products */ = {
			isa = PBXGroup;
			children = (
				90DEC28F2AC566A200AEDE50 /* EssentialApp.app */,
				90DEC2C82AC588E200AEDE50 /* EssentialAppTests.xctest */,
			);
			name = Products;
			sourceTree = "<group>";
		};
		90DEC2912AC566A200AEDE50 /* EssentialApp */ = {
			isa = PBXGroup;
			children = (
				90DEC2922AC566A200AEDE50 /* AppDelegate.swift */,
				90DEC2942AC566A200AEDE50 /* SceneDelegate.swift */,
				90DEC2962AC566A200AEDE50 /* ViewController.swift */,
				90DEC2982AC566A200AEDE50 /* Main.storyboard */,
				90DEC29B2AC566A400AEDE50 /* Assets.xcassets */,
				90DEC29D2AC566A400AEDE50 /* LaunchScreen.storyboard */,
				90DEC2A02AC566A400AEDE50 /* Info.plist */,
				90DEC2D12AC5917700AEDE50 /* FeedLoaderWithFallbackComposite.swift */,
				90B6AEC32AC5D1D6006E9C19 /* FeedImageDataLoaderWithFallbackComposite.swift */,
			);
			path = EssentialApp;
			sourceTree = "<group>";
		};
		90DEC2BC2AC5675200AEDE50 /* Frameworks */ = {
			isa = PBXGroup;
			children = (
				90DEC2C12AC5675500AEDE50 /* EssentialFeediOS.framework */,
				90DEC2BD2AC5675200AEDE50 /* EssentialFeed.framework */,
			);
			name = Frameworks;
			sourceTree = "<group>";
		};
		90DEC2C92AC588E200AEDE50 /* EssentialAppTests */ = {
			isa = PBXGroup;
			children = (
				90B6AECA2AC6AFF3006E9C19 /* FeedLoaderCacheDecoratorTests.swift */,
				90DEC2CA2AC588E200AEDE50 /* FeedLoaderWithFallbackCompositeTests.swift */,
				90DEC2D32AC593AF00AEDE50 /* FeedImageDataLoaderWithFallbackCompositeTests.swift */,
				90B6AEC72AC5D2CE006E9C19 /* Helpers */,
			);
			path = EssentialAppTests;
			sourceTree = "<group>";
		};
/* End PBXGroup section */

/* Begin PBXNativeTarget section */
		90DEC28E2AC566A200AEDE50 /* EssentialApp */ = {
			isa = PBXNativeTarget;
			buildConfigurationList = 90DEC2A32AC566A400AEDE50 /* Build configuration list for PBXNativeTarget "EssentialApp" */;
			buildPhases = (
				90DEC28B2AC566A200AEDE50 /* Sources */,
				90DEC28C2AC566A200AEDE50 /* Frameworks */,
				90DEC28D2AC566A200AEDE50 /* Resources */,
				90DEC2C02AC5675200AEDE50 /* Embed Frameworks */,
			);
			buildRules = (
			);
			dependencies = (
			);
			name = EssentialApp;
			productName = EssentialApp;
			productReference = 90DEC28F2AC566A200AEDE50 /* EssentialApp.app */;
			productType = "com.apple.product-type.application";
		};
		90DEC2C72AC588E200AEDE50 /* EssentialAppTests */ = {
			isa = PBXNativeTarget;
			buildConfigurationList = 90DEC2CE2AC588E200AEDE50 /* Build configuration list for PBXNativeTarget "EssentialAppTests" */;
			buildPhases = (
				90DEC2C42AC588E200AEDE50 /* Sources */,
				90DEC2C52AC588E200AEDE50 /* Frameworks */,
				90DEC2C62AC588E200AEDE50 /* Resources */,
			);
			buildRules = (
			);
			dependencies = (
				90DEC2CD2AC588E200AEDE50 /* PBXTargetDependency */,
			);
			name = EssentialAppTests;
			productName = EssentialAppTests;
			productReference = 90DEC2C82AC588E200AEDE50 /* EssentialAppTests.xctest */;
			productType = "com.apple.product-type.bundle.unit-test";
		};
/* End PBXNativeTarget section */

/* Begin PBXProject section */
		90DEC2872AC566A200AEDE50 /* Project object */ = {
			isa = PBXProject;
			attributes = {
				BuildIndependentTargetsInParallel = 1;
				LastSwiftUpdateCheck = 1430;
				LastUpgradeCheck = 1430;
				TargetAttributes = {
					90DEC28E2AC566A200AEDE50 = {
						CreatedOnToolsVersion = 14.3.1;
					};
					90DEC2C72AC588E200AEDE50 = {
						CreatedOnToolsVersion = 14.3.1;
						TestTargetID = 90DEC28E2AC566A200AEDE50;
					};
				};
			};
			buildConfigurationList = 90DEC28A2AC566A200AEDE50 /* Build configuration list for PBXProject "EssentialApp" */;
			compatibilityVersion = "Xcode 14.0";
			developmentRegion = en;
			hasScannedForEncodings = 0;
			knownRegions = (
				en,
				Base,
			);
			mainGroup = 90DEC2862AC566A200AEDE50;
			productRefGroup = 90DEC2902AC566A200AEDE50 /* Products */;
			projectDirPath = "";
			projectRoot = "";
			targets = (
				90DEC28E2AC566A200AEDE50 /* EssentialApp */,
				90DEC2C72AC588E200AEDE50 /* EssentialAppTests */,
			);
		};
/* End PBXProject section */

/* Begin PBXResourcesBuildPhase section */
		90DEC28D2AC566A200AEDE50 /* Resources */ = {
			isa = PBXResourcesBuildPhase;
			buildActionMask = 2147483647;
			files = (
				90DEC29F2AC566A400AEDE50 /* LaunchScreen.storyboard in Resources */,
				90DEC29C2AC566A400AEDE50 /* Assets.xcassets in Resources */,
				90DEC29A2AC566A200AEDE50 /* Main.storyboard in Resources */,
			);
			runOnlyForDeploymentPostprocessing = 0;
		};
		90DEC2C62AC588E200AEDE50 /* Resources */ = {
			isa = PBXResourcesBuildPhase;
			buildActionMask = 2147483647;
			files = (
			);
			runOnlyForDeploymentPostprocessing = 0;
		};
/* End PBXResourcesBuildPhase section */

/* Begin PBXSourcesBuildPhase section */
		90DEC28B2AC566A200AEDE50 /* Sources */ = {
			isa = PBXSourcesBuildPhase;
			buildActionMask = 2147483647;
			files = (
				90DEC2972AC566A200AEDE50 /* ViewController.swift in Sources */,
				90DEC2932AC566A200AEDE50 /* AppDelegate.swift in Sources */,
				90DEC2D22AC5917700AEDE50 /* FeedLoaderWithFallbackComposite.swift in Sources */,
				90DEC2952AC566A200AEDE50 /* SceneDelegate.swift in Sources */,
				90B6AEC42AC5D1D6006E9C19 /* FeedImageDataLoaderWithFallbackComposite.swift in Sources */,
			);
			runOnlyForDeploymentPostprocessing = 0;
		};
		90DEC2C42AC588E200AEDE50 /* Sources */ = {
			isa = PBXSourcesBuildPhase;
			buildActionMask = 2147483647;
			files = (
				90B6AEC92AC5D2D6006E9C19 /* SharedTestHelpers.swift in Sources */,
				90DEC2D42AC593AF00AEDE50 /* FeedImageDataLoaderWithFallbackCompositeTests.swift in Sources */,
				90DEC2CB2AC588E200AEDE50 /* FeedLoaderWithFallbackCompositeTests.swift in Sources */,
				90B6AECB2AC6AFF3006E9C19 /* FeedLoaderCacheDecoratorTests.swift in Sources */,
				90B6AECD2AC6B23A006E9C19 /* FeedLoaderStub.swift in Sources */,
				90B6AEC62AC5D22D006E9C19 /* XCTestCase+MemoryLeakTracking.swift in Sources */,
			);
			runOnlyForDeploymentPostprocessing = 0;
		};
/* End PBXSourcesBuildPhase section */

/* Begin PBXTargetDependency section */
		90DEC2CD2AC588E200AEDE50 /* PBXTargetDependency */ = {
			isa = PBXTargetDependency;
			target = 90DEC28E2AC566A200AEDE50 /* EssentialApp */;
			targetProxy = 90DEC2CC2AC588E200AEDE50 /* PBXContainerItemProxy */;
		};
/* End PBXTargetDependency section */

/* Begin PBXVariantGroup section */
		90DEC2982AC566A200AEDE50 /* Main.storyboard */ = {
			isa = PBXVariantGroup;
			children = (
				90DEC2992AC566A200AEDE50 /* Base */,
			);
			name = Main.storyboard;
			sourceTree = "<group>";
		};
		90DEC29D2AC566A400AEDE50 /* LaunchScreen.storyboard */ = {
			isa = PBXVariantGroup;
			children = (
				90DEC29E2AC566A400AEDE50 /* Base */,
			);
			name = LaunchScreen.storyboard;
			sourceTree = "<group>";
		};
/* End PBXVariantGroup section */

/* Begin XCBuildConfiguration section */
		90DEC2A12AC566A400AEDE50 /* Debug */ = {
			isa = XCBuildConfiguration;
			buildSettings = {
				ALWAYS_SEARCH_USER_PATHS = NO;
				CLANG_ANALYZER_NONNULL = YES;
				CLANG_ANALYZER_NUMBER_OBJECT_CONVERSION = YES_AGGRESSIVE;
				CLANG_CXX_LANGUAGE_STANDARD = "gnu++20";
				CLANG_ENABLE_MODULES = YES;
				CLANG_ENABLE_OBJC_ARC = YES;
				CLANG_ENABLE_OBJC_WEAK = YES;
				CLANG_WARN_BLOCK_CAPTURE_AUTORELEASING = YES;
				CLANG_WARN_BOOL_CONVERSION = YES;
				CLANG_WARN_COMMA = YES;
				CLANG_WARN_CONSTANT_CONVERSION = YES;
				CLANG_WARN_DEPRECATED_OBJC_IMPLEMENTATIONS = YES;
				CLANG_WARN_DIRECT_OBJC_ISA_USAGE = YES_ERROR;
				CLANG_WARN_DOCUMENTATION_COMMENTS = YES;
				CLANG_WARN_EMPTY_BODY = YES;
				CLANG_WARN_ENUM_CONVERSION = YES;
				CLANG_WARN_INFINITE_RECURSION = YES;
				CLANG_WARN_INT_CONVERSION = YES;
				CLANG_WARN_NON_LITERAL_NULL_CONVERSION = YES;
				CLANG_WARN_OBJC_IMPLICIT_RETAIN_SELF = YES;
				CLANG_WARN_OBJC_LITERAL_CONVERSION = YES;
				CLANG_WARN_OBJC_ROOT_CLASS = YES_ERROR;
				CLANG_WARN_QUOTED_INCLUDE_IN_FRAMEWORK_HEADER = YES;
				CLANG_WARN_RANGE_LOOP_ANALYSIS = YES;
				CLANG_WARN_STRICT_PROTOTYPES = YES;
				CLANG_WARN_SUSPICIOUS_MOVE = YES;
				CLANG_WARN_UNGUARDED_AVAILABILITY = YES_AGGRESSIVE;
				CLANG_WARN_UNREACHABLE_CODE = YES;
				CLANG_WARN__DUPLICATE_METHOD_MATCH = YES;
				COPY_PHASE_STRIP = NO;
				DEBUG_INFORMATION_FORMAT = dwarf;
				ENABLE_STRICT_OBJC_MSGSEND = YES;
				ENABLE_TESTABILITY = YES;
				GCC_C_LANGUAGE_STANDARD = gnu11;
				GCC_DYNAMIC_NO_PIC = NO;
				GCC_NO_COMMON_BLOCKS = YES;
				GCC_OPTIMIZATION_LEVEL = 0;
				GCC_PREPROCESSOR_DEFINITIONS = (
					"DEBUG=1",
					"$(inherited)",
				);
				GCC_WARN_64_TO_32_BIT_CONVERSION = YES;
				GCC_WARN_ABOUT_RETURN_TYPE = YES_ERROR;
				GCC_WARN_UNDECLARED_SELECTOR = YES;
				GCC_WARN_UNINITIALIZED_AUTOS = YES_AGGRESSIVE;
				GCC_WARN_UNUSED_FUNCTION = YES;
				GCC_WARN_UNUSED_VARIABLE = YES;
				IPHONEOS_DEPLOYMENT_TARGET = 16.4;
				MTL_ENABLE_DEBUG_INFO = INCLUDE_SOURCE;
				MTL_FAST_MATH = YES;
				ONLY_ACTIVE_ARCH = YES;
				SDKROOT = iphoneos;
				SWIFT_ACTIVE_COMPILATION_CONDITIONS = DEBUG;
				SWIFT_OPTIMIZATION_LEVEL = "-Onone";
			};
			name = Debug;
		};
		90DEC2A22AC566A400AEDE50 /* Release */ = {
			isa = XCBuildConfiguration;
			buildSettings = {
				ALWAYS_SEARCH_USER_PATHS = NO;
				CLANG_ANALYZER_NONNULL = YES;
				CLANG_ANALYZER_NUMBER_OBJECT_CONVERSION = YES_AGGRESSIVE;
				CLANG_CXX_LANGUAGE_STANDARD = "gnu++20";
				CLANG_ENABLE_MODULES = YES;
				CLANG_ENABLE_OBJC_ARC = YES;
				CLANG_ENABLE_OBJC_WEAK = YES;
				CLANG_WARN_BLOCK_CAPTURE_AUTORELEASING = YES;
				CLANG_WARN_BOOL_CONVERSION = YES;
				CLANG_WARN_COMMA = YES;
				CLANG_WARN_CONSTANT_CONVERSION = YES;
				CLANG_WARN_DEPRECATED_OBJC_IMPLEMENTATIONS = YES;
				CLANG_WARN_DIRECT_OBJC_ISA_USAGE = YES_ERROR;
				CLANG_WARN_DOCUMENTATION_COMMENTS = YES;
				CLANG_WARN_EMPTY_BODY = YES;
				CLANG_WARN_ENUM_CONVERSION = YES;
				CLANG_WARN_INFINITE_RECURSION = YES;
				CLANG_WARN_INT_CONVERSION = YES;
				CLANG_WARN_NON_LITERAL_NULL_CONVERSION = YES;
				CLANG_WARN_OBJC_IMPLICIT_RETAIN_SELF = YES;
				CLANG_WARN_OBJC_LITERAL_CONVERSION = YES;
				CLANG_WARN_OBJC_ROOT_CLASS = YES_ERROR;
				CLANG_WARN_QUOTED_INCLUDE_IN_FRAMEWORK_HEADER = YES;
				CLANG_WARN_RANGE_LOOP_ANALYSIS = YES;
				CLANG_WARN_STRICT_PROTOTYPES = YES;
				CLANG_WARN_SUSPICIOUS_MOVE = YES;
				CLANG_WARN_UNGUARDED_AVAILABILITY = YES_AGGRESSIVE;
				CLANG_WARN_UNREACHABLE_CODE = YES;
				CLANG_WARN__DUPLICATE_METHOD_MATCH = YES;
				COPY_PHASE_STRIP = NO;
				DEBUG_INFORMATION_FORMAT = "dwarf-with-dsym";
				ENABLE_NS_ASSERTIONS = NO;
				ENABLE_STRICT_OBJC_MSGSEND = YES;
				GCC_C_LANGUAGE_STANDARD = gnu11;
				GCC_NO_COMMON_BLOCKS = YES;
				GCC_WARN_64_TO_32_BIT_CONVERSION = YES;
				GCC_WARN_ABOUT_RETURN_TYPE = YES_ERROR;
				GCC_WARN_UNDECLARED_SELECTOR = YES;
				GCC_WARN_UNINITIALIZED_AUTOS = YES_AGGRESSIVE;
				GCC_WARN_UNUSED_FUNCTION = YES;
				GCC_WARN_UNUSED_VARIABLE = YES;
				IPHONEOS_DEPLOYMENT_TARGET = 16.4;
				MTL_ENABLE_DEBUG_INFO = NO;
				MTL_FAST_MATH = YES;
				SDKROOT = iphoneos;
				SWIFT_COMPILATION_MODE = wholemodule;
				SWIFT_OPTIMIZATION_LEVEL = "-O";
				VALIDATE_PRODUCT = YES;
			};
			name = Release;
		};
		90DEC2A42AC566A400AEDE50 /* Debug */ = {
			isa = XCBuildConfiguration;
			buildSettings = {
				ASSETCATALOG_COMPILER_APPICON_NAME = AppIcon;
				ASSETCATALOG_COMPILER_GLOBAL_ACCENT_COLOR_NAME = AccentColor;
				CODE_SIGN_STYLE = Automatic;
				CURRENT_PROJECT_VERSION = 1;
				DEVELOPMENT_TEAM = JA73KXA2KR;
				GENERATE_INFOPLIST_FILE = YES;
				INFOPLIST_FILE = EssentialApp/Info.plist;
				INFOPLIST_KEY_UIApplicationSupportsIndirectInputEvents = YES;
				INFOPLIST_KEY_UILaunchStoryboardName = LaunchScreen;
				INFOPLIST_KEY_UIMainStoryboardFile = Main;
				INFOPLIST_KEY_UISupportedInterfaceOrientations_iPad = "UIInterfaceOrientationPortrait UIInterfaceOrientationPortraitUpsideDown UIInterfaceOrientationLandscapeLeft UIInterfaceOrientationLandscapeRight";
				INFOPLIST_KEY_UISupportedInterfaceOrientations_iPhone = "UIInterfaceOrientationPortrait UIInterfaceOrientationLandscapeLeft UIInterfaceOrientationLandscapeRight";
				LD_RUNPATH_SEARCH_PATHS = (
					"$(inherited)",
					"@executable_path/Frameworks",
				);
				MARKETING_VERSION = 1.0;
				PRODUCT_BUNDLE_IDENTIFIER = com.petarbelokonski.EssentialApp;
				PRODUCT_NAME = "$(TARGET_NAME)";
				SWIFT_EMIT_LOC_STRINGS = YES;
				SWIFT_VERSION = 5.0;
				TARGETED_DEVICE_FAMILY = "1,2";
			};
			name = Debug;
		};
		90DEC2A52AC566A400AEDE50 /* Release */ = {
			isa = XCBuildConfiguration;
			buildSettings = {
				ASSETCATALOG_COMPILER_APPICON_NAME = AppIcon;
				ASSETCATALOG_COMPILER_GLOBAL_ACCENT_COLOR_NAME = AccentColor;
				CODE_SIGN_STYLE = Automatic;
				CURRENT_PROJECT_VERSION = 1;
				DEVELOPMENT_TEAM = JA73KXA2KR;
				GENERATE_INFOPLIST_FILE = YES;
				INFOPLIST_FILE = EssentialApp/Info.plist;
				INFOPLIST_KEY_UIApplicationSupportsIndirectInputEvents = YES;
				INFOPLIST_KEY_UILaunchStoryboardName = LaunchScreen;
				INFOPLIST_KEY_UIMainStoryboardFile = Main;
				INFOPLIST_KEY_UISupportedInterfaceOrientations_iPad = "UIInterfaceOrientationPortrait UIInterfaceOrientationPortraitUpsideDown UIInterfaceOrientationLandscapeLeft UIInterfaceOrientationLandscapeRight";
				INFOPLIST_KEY_UISupportedInterfaceOrientations_iPhone = "UIInterfaceOrientationPortrait UIInterfaceOrientationLandscapeLeft UIInterfaceOrientationLandscapeRight";
				LD_RUNPATH_SEARCH_PATHS = (
					"$(inherited)",
					"@executable_path/Frameworks",
				);
				MARKETING_VERSION = 1.0;
				PRODUCT_BUNDLE_IDENTIFIER = com.petarbelokonski.EssentialApp;
				PRODUCT_NAME = "$(TARGET_NAME)";
				SWIFT_EMIT_LOC_STRINGS = YES;
				SWIFT_VERSION = 5.0;
				TARGETED_DEVICE_FAMILY = "1,2";
			};
			name = Release;
		};
		90DEC2CF2AC588E200AEDE50 /* Debug */ = {
			isa = XCBuildConfiguration;
			buildSettings = {
				BUNDLE_LOADER = "$(TEST_HOST)";
				CODE_SIGN_STYLE = Automatic;
				CURRENT_PROJECT_VERSION = 1;
				DEVELOPMENT_TEAM = JA73KXA2KR;
				GENERATE_INFOPLIST_FILE = YES;
				MARKETING_VERSION = 1.0;
				PRODUCT_BUNDLE_IDENTIFIER = com.petarbelokonski.EssentialAppTests;
				PRODUCT_NAME = "$(TARGET_NAME)";
				SWIFT_EMIT_LOC_STRINGS = NO;
				SWIFT_VERSION = 5.0;
				TARGETED_DEVICE_FAMILY = "1,2";
				TEST_HOST = "$(BUILT_PRODUCTS_DIR)/EssentialApp.app/$(BUNDLE_EXECUTABLE_FOLDER_PATH)/EssentialApp";
			};
			name = Debug;
		};
		90DEC2D02AC588E200AEDE50 /* Release */ = {
			isa = XCBuildConfiguration;
			buildSettings = {
				BUNDLE_LOADER = "$(TEST_HOST)";
				CODE_SIGN_STYLE = Automatic;
				CURRENT_PROJECT_VERSION = 1;
				DEVELOPMENT_TEAM = JA73KXA2KR;
				GENERATE_INFOPLIST_FILE = YES;
				MARKETING_VERSION = 1.0;
				PRODUCT_BUNDLE_IDENTIFIER = com.petarbelokonski.EssentialAppTests;
				PRODUCT_NAME = "$(TARGET_NAME)";
				SWIFT_EMIT_LOC_STRINGS = NO;
				SWIFT_VERSION = 5.0;
				TARGETED_DEVICE_FAMILY = "1,2";
				TEST_HOST = "$(BUILT_PRODUCTS_DIR)/EssentialApp.app/$(BUNDLE_EXECUTABLE_FOLDER_PATH)/EssentialApp";
			};
			name = Release;
		};
/* End XCBuildConfiguration section */

/* Begin XCConfigurationList section */
		90DEC28A2AC566A200AEDE50 /* Build configuration list for PBXProject "EssentialApp" */ = {
			isa = XCConfigurationList;
			buildConfigurations = (
				90DEC2A12AC566A400AEDE50 /* Debug */,
				90DEC2A22AC566A400AEDE50 /* Release */,
			);
			defaultConfigurationIsVisible = 0;
			defaultConfigurationName = Release;
		};
		90DEC2A32AC566A400AEDE50 /* Build configuration list for PBXNativeTarget "EssentialApp" */ = {
			isa = XCConfigurationList;
			buildConfigurations = (
				90DEC2A42AC566A400AEDE50 /* Debug */,
				90DEC2A52AC566A400AEDE50 /* Release */,
			);
			defaultConfigurationIsVisible = 0;
			defaultConfigurationName = Release;
		};
		90DEC2CE2AC588E200AEDE50 /* Build configuration list for PBXNativeTarget "EssentialAppTests" */ = {
			isa = XCConfigurationList;
			buildConfigurations = (
				90DEC2CF2AC588E200AEDE50 /* Debug */,
				90DEC2D02AC588E200AEDE50 /* Release */,
			);
			defaultConfigurationIsVisible = 0;
			defaultConfigurationName = Release;
		};
/* End XCConfigurationList section */
	};
	rootObject = 90DEC2872AC566A200AEDE50 /* Project object */;
}
